// !$*UTF8*$!
{
	archiveVersion = 1;
	classes = {
	};
	objectVersion = 56;
	objects = {

/* Begin PBXBuildFile section */
		2C0042532BD1195200055875 /* BuildingService.swift in Sources */ = {isa = PBXBuildFile; fileRef = 2C0042522BD1195200055875 /* BuildingService.swift */; };
		2C0042552BD11A7500055875 /* Building.swift in Sources */ = {isa = PBXBuildFile; fileRef = 2C0042542BD11A7500055875 /* Building.swift */; };
		2C00425B2BD135AD00055875 /* NavigationSearch.swift in Sources */ = {isa = PBXBuildFile; fileRef = 2C00425A2BD135AD00055875 /* NavigationSearch.swift */; };
		2C35DAF62BD18F8900616A22 /* LocalizerSession.swift in Sources */ = {isa = PBXBuildFile; fileRef = 2C35DAF52BD18F8900616A22 /* LocalizerSession.swift */; };
		2C35DAF82BD1901300616A22 /* NetworkUtils.swift in Sources */ = {isa = PBXBuildFile; fileRef = 2C35DAF72BD1901300616A22 /* NetworkUtils.swift */; };
		2C35DAFA2BD1929B00616A22 /* NavigationSession.swift in Sources */ = {isa = PBXBuildFile; fileRef = 2C35DAF92BD1929B00616A22 /* NavigationSession.swift */; };
		2C81975A2BCAC55000750137 /* AppDelegate.swift in Sources */ = {isa = PBXBuildFile; fileRef = 2C8197592BCAC55000750137 /* AppDelegate.swift */; };
		2C81975C2BCAC55000750137 /* ContentView.swift in Sources */ = {isa = PBXBuildFile; fileRef = 2C81975B2BCAC55000750137 /* ContentView.swift */; };
		2C81975E2BCAC55300750137 /* Assets.xcassets in Resources */ = {isa = PBXBuildFile; fileRef = 2C81975D2BCAC55300750137 /* Assets.xcassets */; };
		2C8197612BCAC55300750137 /* Preview Assets.xcassets in Resources */ = {isa = PBXBuildFile; fileRef = 2C8197602BCAC55300750137 /* Preview Assets.xcassets */; };
		2C81976B2BCAC55300750137 /* localizrTests.swift in Sources */ = {isa = PBXBuildFile; fileRef = 2C81976A2BCAC55300750137 /* localizrTests.swift */; };
		2C8197752BCAC55400750137 /* localizrUITests.swift in Sources */ = {isa = PBXBuildFile; fileRef = 2C8197742BCAC55400750137 /* localizrUITests.swift */; };
		2C8197772BCAC55400750137 /* localizrUITestsLaunchTests.swift in Sources */ = {isa = PBXBuildFile; fileRef = 2C8197762BCAC55400750137 /* localizrUITestsLaunchTests.swift */; };
		2CFDF9862BF6428600FE36A4 /* PythonKit in Frameworks */ = {isa = PBXBuildFile; productRef = 2CFDF9852BF6428600FE36A4 /* PythonKit */; };
		2CFDF9882BF6436D00FE36A4 /* ServiceFactory.swift in Sources */ = {isa = PBXBuildFile; fileRef = 2CFDF9872BF6436D00FE36A4 /* ServiceFactory.swift */; };
		6C1F8B232BF8D9F80066E3A9 /* HomePage.swift in Sources */ = {isa = PBXBuildFile; fileRef = 6C1F8B222BF8D9F80066E3A9 /* HomePage.swift */; };
		6C1F8B252BF8DA3A0066E3A9 /* RoomSearch.swift in Sources */ = {isa = PBXBuildFile; fileRef = 6C1F8B242BF8DA3A0066E3A9 /* RoomSearch.swift */; };
		6C1F8B272BF8DDFC0066E3A9 /* CustomButton.swift in Sources */ = {isa = PBXBuildFile; fileRef = 6C1F8B262BF8DDFC0066E3A9 /* CustomButton.swift */; };
		6C1F8B292BF8E5FE0066E3A9 /* NavigationMode.swift in Sources */ = {isa = PBXBuildFile; fileRef = 6C1F8B282BF8E5FE0066E3A9 /* NavigationMode.swift */; };
		6C1F8B2F2BF901CC0066E3A9 /* building.json in Resources */ = {isa = PBXBuildFile; fileRef = 6C1F8B2E2BF901CC0066E3A9 /* building.json */; };
		6C1F8B312BF902990066E3A9 /* LessonsPage.swift in Sources */ = {isa = PBXBuildFile; fileRef = 6C1F8B302BF902990066E3A9 /* LessonsPage.swift */; };
		6C1F8B332BF9089B0066E3A9 /* MapOverlay.swift in Sources */ = {isa = PBXBuildFile; fileRef = 6C1F8B322BF9089B0066E3A9 /* MapOverlay.swift */; };
		6C1F8B352BFB81B00066E3A9 /* walkable_areas.json in Resources */ = {isa = PBXBuildFile; fileRef = 6C1F8B342BFB81B00066E3A9 /* walkable_areas.json */; };
		6C1F8B372BFB95BD0066E3A9 /* GraphView.swift in Sources */ = {isa = PBXBuildFile; fileRef = 6C1F8B362BFB95BD0066E3A9 /* GraphView.swift */; };
		6C1F8B3A2BFB9A3E0066E3A9 /* SwiftGraph in Frameworks */ = {isa = PBXBuildFile; productRef = 6C1F8B392BFB9A3E0066E3A9 /* SwiftGraph */; };
		6C1F8B3C2BFDEF9D0066E3A9 /* LocalizationMapOverlay.swift in Sources */ = {isa = PBXBuildFile; fileRef = 6C1F8B3B2BFDEF9D0066E3A9 /* LocalizationMapOverlay.swift */; };
		6C1F8B3E2BFDF39F0066E3A9 /* LocalizationPage.swift in Sources */ = {isa = PBXBuildFile; fileRef = 6C1F8B3D2BFDF39F0066E3A9 /* LocalizationPage.swift */; };
		6C1F8B402BFE2F010066E3A9 /* CameraPage.swift in Sources */ = {isa = PBXBuildFile; fileRef = 6C1F8B3F2BFE2F010066E3A9 /* CameraPage.swift */; };
/* End PBXBuildFile section */

/* Begin PBXContainerItemProxy section */
		2C8197672BCAC55300750137 /* PBXContainerItemProxy */ = {
			isa = PBXContainerItemProxy;
			containerPortal = 2C8197192BCA88D200750137 /* Project object */;
			proxyType = 1;
			remoteGlobalIDString = 2C8197562BCAC55000750137;
			remoteInfo = localizr;
		};
		2C8197712BCAC55300750137 /* PBXContainerItemProxy */ = {
			isa = PBXContainerItemProxy;
			containerPortal = 2C8197192BCA88D200750137 /* Project object */;
			proxyType = 1;
			remoteGlobalIDString = 2C8197562BCAC55000750137;
			remoteInfo = localizr;
		};
/* End PBXContainerItemProxy section */

/* Begin PBXFileReference section */
		2C0042522BD1195200055875 /* BuildingService.swift */ = {isa = PBXFileReference; lastKnownFileType = sourcecode.swift; name = BuildingService.swift; path = Localizr/BuildingService.swift; sourceTree = SOURCE_ROOT; };
		2C0042542BD11A7500055875 /* Building.swift */ = {isa = PBXFileReference; lastKnownFileType = sourcecode.swift; name = Building.swift; path = Localizr/Building.swift; sourceTree = SOURCE_ROOT; };
		2C00425A2BD135AD00055875 /* NavigationSearch.swift */ = {isa = PBXFileReference; lastKnownFileType = sourcecode.swift; name = NavigationSearch.swift; path = Localizr/NavigationSearch.swift; sourceTree = SOURCE_ROOT; };
		2C35DAF52BD18F8900616A22 /* LocalizerSession.swift */ = {isa = PBXFileReference; lastKnownFileType = sourcecode.swift; name = LocalizerSession.swift; path = Localizr/LocalizerSession.swift; sourceTree = SOURCE_ROOT; };
		2C35DAF72BD1901300616A22 /* NetworkUtils.swift */ = {isa = PBXFileReference; lastKnownFileType = sourcecode.swift; name = NetworkUtils.swift; path = Localizr/NetworkUtils.swift; sourceTree = SOURCE_ROOT; };
		2C35DAF92BD1929B00616A22 /* NavigationSession.swift */ = {isa = PBXFileReference; lastKnownFileType = sourcecode.swift; name = NavigationSession.swift; path = Localizr/NavigationSession.swift; sourceTree = SOURCE_ROOT; };
		2C8197572BCAC55000750137 /* localizr.app */ = {isa = PBXFileReference; explicitFileType = wrapper.application; includeInIndex = 0; path = localizr.app; sourceTree = BUILT_PRODUCTS_DIR; };
		2C8197592BCAC55000750137 /* AppDelegate.swift */ = {isa = PBXFileReference; lastKnownFileType = sourcecode.swift; path = AppDelegate.swift; sourceTree = "<group>"; };
		2C81975B2BCAC55000750137 /* ContentView.swift */ = {isa = PBXFileReference; lastKnownFileType = sourcecode.swift; path = ContentView.swift; sourceTree = "<group>"; };
		2C81975D2BCAC55300750137 /* Assets.xcassets */ = {isa = PBXFileReference; lastKnownFileType = folder.assetcatalog; path = Assets.xcassets; sourceTree = "<group>"; };
		2C8197602BCAC55300750137 /* Preview Assets.xcassets */ = {isa = PBXFileReference; lastKnownFileType = folder.assetcatalog; path = "Preview Assets.xcassets"; sourceTree = "<group>"; };
		2C8197662BCAC55300750137 /* localizrTests.xctest */ = {isa = PBXFileReference; explicitFileType = wrapper.cfbundle; includeInIndex = 0; path = localizrTests.xctest; sourceTree = BUILT_PRODUCTS_DIR; };
		2C81976A2BCAC55300750137 /* localizrTests.swift */ = {isa = PBXFileReference; lastKnownFileType = sourcecode.swift; path = localizrTests.swift; sourceTree = "<group>"; };
		2C8197702BCAC55300750137 /* localizrUITests.xctest */ = {isa = PBXFileReference; explicitFileType = wrapper.cfbundle; includeInIndex = 0; path = localizrUITests.xctest; sourceTree = BUILT_PRODUCTS_DIR; };
		2C8197742BCAC55400750137 /* localizrUITests.swift */ = {isa = PBXFileReference; lastKnownFileType = sourcecode.swift; path = localizrUITests.swift; sourceTree = "<group>"; };
		2C8197762BCAC55400750137 /* localizrUITestsLaunchTests.swift */ = {isa = PBXFileReference; lastKnownFileType = sourcecode.swift; path = localizrUITestsLaunchTests.swift; sourceTree = "<group>"; };
		2CFDF9872BF6436D00FE36A4 /* ServiceFactory.swift */ = {isa = PBXFileReference; lastKnownFileType = sourcecode.swift; name = ServiceFactory.swift; path = Localizr/ServiceFactory.swift; sourceTree = SOURCE_ROOT; };
		6C1F8B222BF8D9F80066E3A9 /* HomePage.swift */ = {isa = PBXFileReference; lastKnownFileType = sourcecode.swift; name = HomePage.swift; path = Localizr/HomePage.swift; sourceTree = SOURCE_ROOT; };
		6C1F8B242BF8DA3A0066E3A9 /* RoomSearch.swift */ = {isa = PBXFileReference; lastKnownFileType = sourcecode.swift; name = RoomSearch.swift; path = Localizr/RoomSearch.swift; sourceTree = SOURCE_ROOT; };
		6C1F8B262BF8DDFC0066E3A9 /* CustomButton.swift */ = {isa = PBXFileReference; lastKnownFileType = sourcecode.swift; name = CustomButton.swift; path = Localizr/CustomButton.swift; sourceTree = SOURCE_ROOT; };
		6C1F8B282BF8E5FE0066E3A9 /* NavigationMode.swift */ = {isa = PBXFileReference; lastKnownFileType = sourcecode.swift; name = NavigationMode.swift; path = Localizr/NavigationMode.swift; sourceTree = SOURCE_ROOT; };
		6C1F8B2E2BF901CC0066E3A9 /* building.json */ = {isa = PBXFileReference; fileEncoding = 4; lastKnownFileType = text.json; name = building.json; path = ../../../../../Downloads/building.json; sourceTree = "<group>"; };
		6C1F8B302BF902990066E3A9 /* LessonsPage.swift */ = {isa = PBXFileReference; lastKnownFileType = sourcecode.swift; name = LessonsPage.swift; path = Localizr/LessonsPage.swift; sourceTree = SOURCE_ROOT; };
		6C1F8B322BF9089B0066E3A9 /* MapOverlay.swift */ = {isa = PBXFileReference; lastKnownFileType = sourcecode.swift; name = MapOverlay.swift; path = "Localizr/Preview Content/MapOverlay.swift"; sourceTree = SOURCE_ROOT; };
		6C1F8B342BFB81B00066E3A9 /* walkable_areas.json */ = {isa = PBXFileReference; lastKnownFileType = text.json; name = walkable_areas.json; path = Localizr/HG_Resources/walkable_areas.json; sourceTree = SOURCE_ROOT; };
		6C1F8B362BFB95BD0066E3A9 /* GraphView.swift */ = {isa = PBXFileReference; lastKnownFileType = sourcecode.swift; name = GraphView.swift; path = Localizr/GraphView.swift; sourceTree = SOURCE_ROOT; };
		6C1F8B3B2BFDEF9D0066E3A9 /* LocalizationMapOverlay.swift */ = {isa = PBXFileReference; lastKnownFileType = sourcecode.swift; name = LocalizationMapOverlay.swift; path = Localizr/LocalizationMapOverlay.swift; sourceTree = SOURCE_ROOT; };
		6C1F8B3D2BFDF39F0066E3A9 /* LocalizationPage.swift */ = {isa = PBXFileReference; lastKnownFileType = sourcecode.swift; name = LocalizationPage.swift; path = Localizr/LocalizationPage.swift; sourceTree = SOURCE_ROOT; };
		6C1F8B3F2BFE2F010066E3A9 /* CameraPage.swift */ = {isa = PBXFileReference; lastKnownFileType = sourcecode.swift; name = CameraPage.swift; path = Localizr/CameraPage.swift; sourceTree = SOURCE_ROOT; };
/* End PBXFileReference section */

/* Begin PBXFrameworksBuildPhase section */
		2C8197542BCAC55000750137 /* Frameworks */ = {
			isa = PBXFrameworksBuildPhase;
			buildActionMask = 2147483647;
			files = (
				2CFDF9862BF6428600FE36A4 /* PythonKit in Frameworks */,
				6C1F8B3A2BFB9A3E0066E3A9 /* SwiftGraph in Frameworks */,
			);
			runOnlyForDeploymentPostprocessing = 0;
		};
		2C8197632BCAC55300750137 /* Frameworks */ = {
			isa = PBXFrameworksBuildPhase;
			buildActionMask = 2147483647;
			files = (
			);
			runOnlyForDeploymentPostprocessing = 0;
		};
		2C81976D2BCAC55300750137 /* Frameworks */ = {
			isa = PBXFrameworksBuildPhase;
			buildActionMask = 2147483647;
			files = (
			);
			runOnlyForDeploymentPostprocessing = 0;
		};
/* End PBXFrameworksBuildPhase section */

/* Begin PBXGroup section */
		2C8197182BCA88D200750137 = {
			isa = PBXGroup;
			children = (
				2C8197582BCAC55000750137 /* localizr */,
				2C8197692BCAC55300750137 /* localizrTests */,
				2C8197732BCAC55400750137 /* localizrUITests */,
				2C8197222BCA88D200750137 /* Products */,
			);
			sourceTree = "<group>";
		};
		2C8197222BCA88D200750137 /* Products */ = {
			isa = PBXGroup;
			children = (
				2C8197572BCAC55000750137 /* localizr.app */,
				2C8197662BCAC55300750137 /* localizrTests.xctest */,
				2C8197702BCAC55300750137 /* localizrUITests.xctest */,
			);
			name = Products;
			sourceTree = "<group>";
		};
		2C8197582BCAC55000750137 /* localizr */ = {
			isa = PBXGroup;
			children = (
				2CFDF98A2BF65F7600FE36A4 /* HG_Resources */,
				2C8197592BCAC55000750137 /* AppDelegate.swift */,
				2C81975B2BCAC55000750137 /* ContentView.swift */,
				2C81975D2BCAC55300750137 /* Assets.xcassets */,
				2C81975F2BCAC55300750137 /* Preview Content */,
				6C1F8B3B2BFDEF9D0066E3A9 /* LocalizationMapOverlay.swift */,
				6C1F8B322BF9089B0066E3A9 /* MapOverlay.swift */,
				2C0042542BD11A7500055875 /* Building.swift */,
				2C0042522BD1195200055875 /* BuildingService.swift */,
				2C35DAF52BD18F8900616A22 /* LocalizerSession.swift */,
				2C35DAF92BD1929B00616A22 /* NavigationSession.swift */,
				2C00425A2BD135AD00055875 /* NavigationSearch.swift */,
				2C35DAF72BD1901300616A22 /* NetworkUtils.swift */,
				2CFDF9872BF6436D00FE36A4 /* ServiceFactory.swift */,
				6C1F8B362BFB95BD0066E3A9 /* GraphView.swift */,
				6C1F8B222BF8D9F80066E3A9 /* HomePage.swift */,
				6C1F8B242BF8DA3A0066E3A9 /* RoomSearch.swift */,
				6C1F8B262BF8DDFC0066E3A9 /* CustomButton.swift */,
				6C1F8B282BF8E5FE0066E3A9 /* NavigationMode.swift */,
				6C1F8B302BF902990066E3A9 /* LessonsPage.swift */,
				6C1F8B3D2BFDF39F0066E3A9 /* LocalizationPage.swift */,
				6C1F8B3F2BFE2F010066E3A9 /* CameraPage.swift */,
			);
			path = localizr;
			sourceTree = "<group>";
		};
		2C81975F2BCAC55300750137 /* Preview Content */ = {
			isa = PBXGroup;
			children = (
				2C8197602BCAC55300750137 /* Preview Assets.xcassets */,
			);
			path = "Preview Content";
			sourceTree = "<group>";
		};
		2C8197692BCAC55300750137 /* localizrTests */ = {
			isa = PBXGroup;
			children = (
				2C81976A2BCAC55300750137 /* localizrTests.swift */,
			);
			path = localizrTests;
			sourceTree = "<group>";
		};
		2C8197732BCAC55400750137 /* localizrUITests */ = {
			isa = PBXGroup;
			children = (
				2C8197742BCAC55400750137 /* localizrUITests.swift */,
				2C8197762BCAC55400750137 /* localizrUITestsLaunchTests.swift */,
			);
			path = localizrUITests;
			sourceTree = "<group>";
		};
		2CFDF98A2BF65F7600FE36A4 /* HG_Resources */ = {
			isa = PBXGroup;
			children = (
				6C1F8B2E2BF901CC0066E3A9 /* building.json */,
				6C1F8B342BFB81B00066E3A9 /* walkable_areas.json */,
			);
			path = HG_Resources;
			sourceTree = "<group>";
		};
/* End PBXGroup section */

/* Begin PBXNativeTarget section */
		2C8197562BCAC55000750137 /* localizr */ = {
			isa = PBXNativeTarget;
			buildConfigurationList = 2C8197782BCAC55400750137 /* Build configuration list for PBXNativeTarget "localizr" */;
			buildPhases = (
				2C8197532BCAC55000750137 /* Sources */,
				2C8197542BCAC55000750137 /* Frameworks */,
				2C8197552BCAC55000750137 /* Resources */,
			);
			buildRules = (
			);
			dependencies = (
			);
			name = localizr;
			packageProductDependencies = (
				2CFDF9852BF6428600FE36A4 /* PythonKit */,
				6C1F8B392BFB9A3E0066E3A9 /* SwiftGraph */,
			);
			productName = localizr;
			productReference = 2C8197572BCAC55000750137 /* localizr.app */;
			productType = "com.apple.product-type.application";
		};
		2C8197652BCAC55300750137 /* localizrTests */ = {
			isa = PBXNativeTarget;
			buildConfigurationList = 2C81977B2BCAC55400750137 /* Build configuration list for PBXNativeTarget "localizrTests" */;
			buildPhases = (
				2C8197622BCAC55300750137 /* Sources */,
				2C8197632BCAC55300750137 /* Frameworks */,
				2C8197642BCAC55300750137 /* Resources */,
			);
			buildRules = (
			);
			dependencies = (
				2C8197682BCAC55300750137 /* PBXTargetDependency */,
			);
			name = localizrTests;
			productName = localizrTests;
			productReference = 2C8197662BCAC55300750137 /* localizrTests.xctest */;
			productType = "com.apple.product-type.bundle.unit-test";
		};
		2C81976F2BCAC55300750137 /* localizrUITests */ = {
			isa = PBXNativeTarget;
			buildConfigurationList = 2C81977E2BCAC55400750137 /* Build configuration list for PBXNativeTarget "localizrUITests" */;
			buildPhases = (
				2C81976C2BCAC55300750137 /* Sources */,
				2C81976D2BCAC55300750137 /* Frameworks */,
				2C81976E2BCAC55300750137 /* Resources */,
			);
			buildRules = (
			);
			dependencies = (
				2C8197722BCAC55300750137 /* PBXTargetDependency */,
			);
			name = localizrUITests;
			productName = localizrUITests;
			productReference = 2C8197702BCAC55300750137 /* localizrUITests.xctest */;
			productType = "com.apple.product-type.bundle.ui-testing";
		};
/* End PBXNativeTarget section */

/* Begin PBXProject section */
		2C8197192BCA88D200750137 /* Project object */ = {
			isa = PBXProject;
			attributes = {
				BuildIndependentTargetsInParallel = 1;
				LastSwiftUpdateCheck = 1520;
				LastUpgradeCheck = 1520;
				TargetAttributes = {
					2C8197562BCAC55000750137 = {
						CreatedOnToolsVersion = 15.2;
					};
					2C8197652BCAC55300750137 = {
						CreatedOnToolsVersion = 15.2;
						TestTargetID = 2C8197562BCAC55000750137;
					};
					2C81976F2BCAC55300750137 = {
						CreatedOnToolsVersion = 15.2;
						TestTargetID = 2C8197562BCAC55000750137;
					};
				};
			};
			buildConfigurationList = 2C81971C2BCA88D200750137 /* Build configuration list for PBXProject "Localizr" */;
			compatibilityVersion = "Xcode 14.0";
			developmentRegion = en;
			hasScannedForEncodings = 0;
			knownRegions = (
				en,
				Base,
			);
			mainGroup = 2C8197182BCA88D200750137;
			packageReferences = (
				2CFDF9842BF6428600FE36A4 /* XCRemoteSwiftPackageReference "PythonKit" */,
				6C1F8B382BFB9A3E0066E3A9 /* XCRemoteSwiftPackageReference "SwiftGraph" */,
			);
			productRefGroup = 2C8197222BCA88D200750137 /* Products */;
			projectDirPath = "";
			projectRoot = "";
			targets = (
				2C8197562BCAC55000750137 /* localizr */,
				2C8197652BCAC55300750137 /* localizrTests */,
				2C81976F2BCAC55300750137 /* localizrUITests */,
			);
		};
/* End PBXProject section */

/* Begin PBXResourcesBuildPhase section */
		2C8197552BCAC55000750137 /* Resources */ = {
			isa = PBXResourcesBuildPhase;
			buildActionMask = 2147483647;
			files = (
				6C1F8B352BFB81B00066E3A9 /* walkable_areas.json in Resources */,
				2C8197612BCAC55300750137 /* Preview Assets.xcassets in Resources */,
				6C1F8B2F2BF901CC0066E3A9 /* building.json in Resources */,
				2C81975E2BCAC55300750137 /* Assets.xcassets in Resources */,
			);
			runOnlyForDeploymentPostprocessing = 0;
		};
		2C8197642BCAC55300750137 /* Resources */ = {
			isa = PBXResourcesBuildPhase;
			buildActionMask = 2147483647;
			files = (
			);
			runOnlyForDeploymentPostprocessing = 0;
		};
		2C81976E2BCAC55300750137 /* Resources */ = {
			isa = PBXResourcesBuildPhase;
			buildActionMask = 2147483647;
			files = (
			);
			runOnlyForDeploymentPostprocessing = 0;
		};
/* End PBXResourcesBuildPhase section */

/* Begin PBXSourcesBuildPhase section */
		2C8197532BCAC55000750137 /* Sources */ = {
			isa = PBXSourcesBuildPhase;
			buildActionMask = 2147483647;
			files = (
				6C1F8B272BF8DDFC0066E3A9 /* CustomButton.swift in Sources */,
				2CFDF9882BF6436D00FE36A4 /* ServiceFactory.swift in Sources */,
				6C1F8B332BF9089B0066E3A9 /* MapOverlay.swift in Sources */,
				6C1F8B402BFE2F010066E3A9 /* CameraPage.swift in Sources */,
				6C1F8B232BF8D9F80066E3A9 /* HomePage.swift in Sources */,
				2C35DAFA2BD1929B00616A22 /* NavigationSession.swift in Sources */,
				2C35DAF82BD1901300616A22 /* NetworkUtils.swift in Sources */,
				2C81975C2BCAC55000750137 /* ContentView.swift in Sources */,
				6C1F8B372BFB95BD0066E3A9 /* GraphView.swift in Sources */,
				2C35DAF62BD18F8900616A22 /* LocalizerSession.swift in Sources */,
				6C1F8B312BF902990066E3A9 /* LessonsPage.swift in Sources */,
				2C81975A2BCAC55000750137 /* AppDelegate.swift in Sources */,
				6C1F8B292BF8E5FE0066E3A9 /* NavigationMode.swift in Sources */,
				2C0042552BD11A7500055875 /* Building.swift in Sources */,
				2C00425B2BD135AD00055875 /* NavigationSearch.swift in Sources */,
				2C0042532BD1195200055875 /* BuildingService.swift in Sources */,
				6C1F8B3E2BFDF39F0066E3A9 /* LocalizationPage.swift in Sources */,
				6C1F8B3C2BFDEF9D0066E3A9 /* LocalizationMapOverlay.swift in Sources */,
				6C1F8B252BF8DA3A0066E3A9 /* RoomSearch.swift in Sources */,
			);
			runOnlyForDeploymentPostprocessing = 0;
		};
		2C8197622BCAC55300750137 /* Sources */ = {
			isa = PBXSourcesBuildPhase;
			buildActionMask = 2147483647;
			files = (
				2C81976B2BCAC55300750137 /* localizrTests.swift in Sources */,
			);
			runOnlyForDeploymentPostprocessing = 0;
		};
		2C81976C2BCAC55300750137 /* Sources */ = {
			isa = PBXSourcesBuildPhase;
			buildActionMask = 2147483647;
			files = (
				2C8197772BCAC55400750137 /* localizrUITestsLaunchTests.swift in Sources */,
				2C8197752BCAC55400750137 /* localizrUITests.swift in Sources */,
			);
			runOnlyForDeploymentPostprocessing = 0;
		};
/* End PBXSourcesBuildPhase section */

/* Begin PBXTargetDependency section */
		2C8197682BCAC55300750137 /* PBXTargetDependency */ = {
			isa = PBXTargetDependency;
			target = 2C8197562BCAC55000750137 /* localizr */;
			targetProxy = 2C8197672BCAC55300750137 /* PBXContainerItemProxy */;
		};
		2C8197722BCAC55300750137 /* PBXTargetDependency */ = {
			isa = PBXTargetDependency;
			target = 2C8197562BCAC55000750137 /* localizr */;
			targetProxy = 2C8197712BCAC55300750137 /* PBXContainerItemProxy */;
		};
/* End PBXTargetDependency section */

/* Begin XCBuildConfiguration section */
		2C8197462BCA88D400750137 /* Debug */ = {
			isa = XCBuildConfiguration;
			buildSettings = {
				ALWAYS_SEARCH_USER_PATHS = NO;
				ASSETCATALOG_COMPILER_GENERATE_SWIFT_ASSET_SYMBOL_EXTENSIONS = YES;
				CLANG_ANALYZER_NONNULL = YES;
				CLANG_ANALYZER_NUMBER_OBJECT_CONVERSION = YES_AGGRESSIVE;
				CLANG_CXX_LANGUAGE_STANDARD = "gnu++20";
				CLANG_ENABLE_MODULES = YES;
				CLANG_ENABLE_OBJC_ARC = YES;
				CLANG_ENABLE_OBJC_WEAK = YES;
				CLANG_WARN_BLOCK_CAPTURE_AUTORELEASING = YES;
				CLANG_WARN_BOOL_CONVERSION = YES;
				CLANG_WARN_COMMA = YES;
				CLANG_WARN_CONSTANT_CONVERSION = YES;
				CLANG_WARN_DEPRECATED_OBJC_IMPLEMENTATIONS = YES;
				CLANG_WARN_DIRECT_OBJC_ISA_USAGE = YES_ERROR;
				CLANG_WARN_DOCUMENTATION_COMMENTS = YES;
				CLANG_WARN_EMPTY_BODY = YES;
				CLANG_WARN_ENUM_CONVERSION = YES;
				CLANG_WARN_INFINITE_RECURSION = YES;
				CLANG_WARN_INT_CONVERSION = YES;
				CLANG_WARN_NON_LITERAL_NULL_CONVERSION = YES;
				CLANG_WARN_OBJC_IMPLICIT_RETAIN_SELF = YES;
				CLANG_WARN_OBJC_LITERAL_CONVERSION = YES;
				CLANG_WARN_OBJC_ROOT_CLASS = YES_ERROR;
				CLANG_WARN_QUOTED_INCLUDE_IN_FRAMEWORK_HEADER = YES;
				CLANG_WARN_RANGE_LOOP_ANALYSIS = YES;
				CLANG_WARN_STRICT_PROTOTYPES = YES;
				CLANG_WARN_SUSPICIOUS_MOVE = YES;
				CLANG_WARN_UNGUARDED_AVAILABILITY = YES_AGGRESSIVE;
				CLANG_WARN_UNREACHABLE_CODE = YES;
				CLANG_WARN__DUPLICATE_METHOD_MATCH = YES;
				COPY_PHASE_STRIP = NO;
				DEBUG_INFORMATION_FORMAT = dwarf;
				ENABLE_STRICT_OBJC_MSGSEND = YES;
				ENABLE_TESTABILITY = YES;
				ENABLE_USER_SCRIPT_SANDBOXING = YES;
				GCC_C_LANGUAGE_STANDARD = gnu17;
				GCC_DYNAMIC_NO_PIC = NO;
				GCC_NO_COMMON_BLOCKS = YES;
				GCC_OPTIMIZATION_LEVEL = 0;
				GCC_PREPROCESSOR_DEFINITIONS = (
					"DEBUG=1",
					"$(inherited)",
				);
				GCC_WARN_64_TO_32_BIT_CONVERSION = YES;
				GCC_WARN_ABOUT_RETURN_TYPE = YES_ERROR;
				GCC_WARN_UNDECLARED_SELECTOR = YES;
				GCC_WARN_UNINITIALIZED_AUTOS = YES_AGGRESSIVE;
				GCC_WARN_UNUSED_FUNCTION = YES;
				GCC_WARN_UNUSED_VARIABLE = YES;
				LOCALIZATION_PREFERS_STRING_CATALOGS = YES;
				MACOSX_DEPLOYMENT_TARGET = 13.6;
				MTL_ENABLE_DEBUG_INFO = INCLUDE_SOURCE;
				MTL_FAST_MATH = YES;
				ONLY_ACTIVE_ARCH = YES;
				SDKROOT = macosx;
				SWIFT_ACTIVE_COMPILATION_CONDITIONS = "DEBUG $(inherited)";
				SWIFT_OPTIMIZATION_LEVEL = "-Onone";
			};
			name = Debug;
		};
		2C8197472BCA88D400750137 /* Release */ = {
			isa = XCBuildConfiguration;
			buildSettings = {
				ALWAYS_SEARCH_USER_PATHS = NO;
				ASSETCATALOG_COMPILER_GENERATE_SWIFT_ASSET_SYMBOL_EXTENSIONS = YES;
				CLANG_ANALYZER_NONNULL = YES;
				CLANG_ANALYZER_NUMBER_OBJECT_CONVERSION = YES_AGGRESSIVE;
				CLANG_CXX_LANGUAGE_STANDARD = "gnu++20";
				CLANG_ENABLE_MODULES = YES;
				CLANG_ENABLE_OBJC_ARC = YES;
				CLANG_ENABLE_OBJC_WEAK = YES;
				CLANG_WARN_BLOCK_CAPTURE_AUTORELEASING = YES;
				CLANG_WARN_BOOL_CONVERSION = YES;
				CLANG_WARN_COMMA = YES;
				CLANG_WARN_CONSTANT_CONVERSION = YES;
				CLANG_WARN_DEPRECATED_OBJC_IMPLEMENTATIONS = YES;
				CLANG_WARN_DIRECT_OBJC_ISA_USAGE = YES_ERROR;
				CLANG_WARN_DOCUMENTATION_COMMENTS = YES;
				CLANG_WARN_EMPTY_BODY = YES;
				CLANG_WARN_ENUM_CONVERSION = YES;
				CLANG_WARN_INFINITE_RECURSION = YES;
				CLANG_WARN_INT_CONVERSION = YES;
				CLANG_WARN_NON_LITERAL_NULL_CONVERSION = YES;
				CLANG_WARN_OBJC_IMPLICIT_RETAIN_SELF = YES;
				CLANG_WARN_OBJC_LITERAL_CONVERSION = YES;
				CLANG_WARN_OBJC_ROOT_CLASS = YES_ERROR;
				CLANG_WARN_QUOTED_INCLUDE_IN_FRAMEWORK_HEADER = YES;
				CLANG_WARN_RANGE_LOOP_ANALYSIS = YES;
				CLANG_WARN_STRICT_PROTOTYPES = YES;
				CLANG_WARN_SUSPICIOUS_MOVE = YES;
				CLANG_WARN_UNGUARDED_AVAILABILITY = YES_AGGRESSIVE;
				CLANG_WARN_UNREACHABLE_CODE = YES;
				CLANG_WARN__DUPLICATE_METHOD_MATCH = YES;
				COPY_PHASE_STRIP = NO;
				DEBUG_INFORMATION_FORMAT = "dwarf-with-dsym";
				ENABLE_NS_ASSERTIONS = NO;
				ENABLE_STRICT_OBJC_MSGSEND = YES;
				ENABLE_USER_SCRIPT_SANDBOXING = YES;
				GCC_C_LANGUAGE_STANDARD = gnu17;
				GCC_NO_COMMON_BLOCKS = YES;
				GCC_WARN_64_TO_32_BIT_CONVERSION = YES;
				GCC_WARN_ABOUT_RETURN_TYPE = YES_ERROR;
				GCC_WARN_UNDECLARED_SELECTOR = YES;
				GCC_WARN_UNINITIALIZED_AUTOS = YES_AGGRESSIVE;
				GCC_WARN_UNUSED_FUNCTION = YES;
				GCC_WARN_UNUSED_VARIABLE = YES;
				LOCALIZATION_PREFERS_STRING_CATALOGS = YES;
				MACOSX_DEPLOYMENT_TARGET = 13.6;
				MTL_ENABLE_DEBUG_INFO = NO;
				MTL_FAST_MATH = YES;
				SDKROOT = macosx;
				SWIFT_COMPILATION_MODE = wholemodule;
			};
			name = Release;
		};
		2C8197792BCAC55400750137 /* Debug */ = {
			isa = XCBuildConfiguration;
			buildSettings = {
				ASSETCATALOG_COMPILER_APPICON_NAME = AppIcon;
				ASSETCATALOG_COMPILER_GLOBAL_ACCENT_COLOR_NAME = AccentColor;
				CODE_SIGN_STYLE = Automatic;
				CURRENT_PROJECT_VERSION = 1;
				DEVELOPMENT_ASSET_PATHS = "\"localizr/Preview Content\"";
				DEVELOPMENT_TEAM = 88A68Y2VZG;
				ENABLE_PREVIEWS = YES;
				GENERATE_INFOPLIST_FILE = YES;
				INFOPLIST_KEY_NSCameraUsageDescription = "";
				INFOPLIST_KEY_UIApplicationSupportsIndirectInputEvents = YES;
				INFOPLIST_KEY_UILaunchScreen_Generation = YES;
				INFOPLIST_KEY_UIRequiredDeviceCapabilities = arkit;
				INFOPLIST_KEY_UIStatusBarHidden = YES;
				INFOPLIST_KEY_UISupportedInterfaceOrientations_iPad = "UIInterfaceOrientationPortrait UIInterfaceOrientationPortraitUpsideDown UIInterfaceOrientationLandscapeLeft UIInterfaceOrientationLandscapeRight";
				INFOPLIST_KEY_UISupportedInterfaceOrientations_iPhone = "UIInterfaceOrientationPortrait UIInterfaceOrientationLandscapeLeft UIInterfaceOrientationLandscapeRight";
				IPHONEOS_DEPLOYMENT_TARGET = 17.2;
				LD_RUNPATH_SEARCH_PATHS = (
					"$(inherited)",
					"@executable_path/Frameworks",
				);
				MARKETING_VERSION = 1.0;
				PRODUCT_BUNDLE_IDENTIFIER = "eth-localization.hlocalizr";
				PRODUCT_NAME = "$(TARGET_NAME)";
				SDKROOT = iphoneos;
				SWIFT_EMIT_LOC_STRINGS = YES;
				SWIFT_VERSION = 5.0;
				TARGETED_DEVICE_FAMILY = "1,2";
			};
			name = Debug;
		};
		2C81977A2BCAC55400750137 /* Release */ = {
			isa = XCBuildConfiguration;
			buildSettings = {
				ASSETCATALOG_COMPILER_APPICON_NAME = AppIcon;
				ASSETCATALOG_COMPILER_GLOBAL_ACCENT_COLOR_NAME = AccentColor;
				CODE_SIGN_STYLE = Automatic;
				CURRENT_PROJECT_VERSION = 1;
				DEVELOPMENT_ASSET_PATHS = "\"localizr/Preview Content\"";
				DEVELOPMENT_TEAM = 88A68Y2VZG;
				ENABLE_PREVIEWS = YES;
				GENERATE_INFOPLIST_FILE = YES;
				INFOPLIST_KEY_NSCameraUsageDescription = "";
				INFOPLIST_KEY_UIApplicationSupportsIndirectInputEvents = YES;
				INFOPLIST_KEY_UILaunchScreen_Generation = YES;
				INFOPLIST_KEY_UIRequiredDeviceCapabilities = arkit;
				INFOPLIST_KEY_UIStatusBarHidden = YES;
				INFOPLIST_KEY_UISupportedInterfaceOrientations_iPad = "UIInterfaceOrientationPortrait UIInterfaceOrientationPortraitUpsideDown UIInterfaceOrientationLandscapeLeft UIInterfaceOrientationLandscapeRight";
				INFOPLIST_KEY_UISupportedInterfaceOrientations_iPhone = "UIInterfaceOrientationPortrait UIInterfaceOrientationLandscapeLeft UIInterfaceOrientationLandscapeRight";
				IPHONEOS_DEPLOYMENT_TARGET = 17.2;
				LD_RUNPATH_SEARCH_PATHS = (
					"$(inherited)",
					"@executable_path/Frameworks",
				);
				MARKETING_VERSION = 1.0;
				PRODUCT_BUNDLE_IDENTIFIER = "eth-localization.hlocalizr";
				PRODUCT_NAME = "$(TARGET_NAME)";
				SDKROOT = iphoneos;
				SWIFT_EMIT_LOC_STRINGS = YES;
				SWIFT_VERSION = 5.0;
				TARGETED_DEVICE_FAMILY = "1,2";
				VALIDATE_PRODUCT = YES;
			};
			name = Release;
		};
		2C81977C2BCAC55400750137 /* Debug */ = {
			isa = XCBuildConfiguration;
			buildSettings = {
				ALWAYS_EMBED_SWIFT_STANDARD_LIBRARIES = YES;
				BUNDLE_LOADER = "$(TEST_HOST)";
				CODE_SIGN_STYLE = Automatic;
				CURRENT_PROJECT_VERSION = 1;
				DEVELOPMENT_TEAM = 88A68Y2VZG;
				GENERATE_INFOPLIST_FILE = YES;
				IPHONEOS_DEPLOYMENT_TARGET = 17.2;
				MARKETING_VERSION = 1.0;
				PRODUCT_BUNDLE_IDENTIFIER = "eth-localization.localizrTests";
				PRODUCT_NAME = "$(TARGET_NAME)";
				SDKROOT = iphoneos;
				SWIFT_EMIT_LOC_STRINGS = NO;
				SWIFT_VERSION = 5.0;
				TARGETED_DEVICE_FAMILY = "1,2";
				TEST_HOST = "$(BUILT_PRODUCTS_DIR)/localizr.app/$(BUNDLE_EXECUTABLE_FOLDER_PATH)/localizr";
			};
			name = Debug;
		};
		2C81977D2BCAC55400750137 /* Release */ = {
			isa = XCBuildConfiguration;
			buildSettings = {
				ALWAYS_EMBED_SWIFT_STANDARD_LIBRARIES = YES;
				BUNDLE_LOADER = "$(TEST_HOST)";
				CODE_SIGN_STYLE = Automatic;
				CURRENT_PROJECT_VERSION = 1;
				DEVELOPMENT_TEAM = 88A68Y2VZG;
				GENERATE_INFOPLIST_FILE = YES;
				IPHONEOS_DEPLOYMENT_TARGET = 17.2;
				MARKETING_VERSION = 1.0;
				PRODUCT_BUNDLE_IDENTIFIER = "eth-localization.localizrTests";
				PRODUCT_NAME = "$(TARGET_NAME)";
				SDKROOT = iphoneos;
				SWIFT_EMIT_LOC_STRINGS = NO;
				SWIFT_VERSION = 5.0;
				TARGETED_DEVICE_FAMILY = "1,2";
				TEST_HOST = "$(BUILT_PRODUCTS_DIR)/localizr.app/$(BUNDLE_EXECUTABLE_FOLDER_PATH)/localizr";
				VALIDATE_PRODUCT = YES;
			};
			name = Release;
		};
		2C81977F2BCAC55400750137 /* Debug */ = {
			isa = XCBuildConfiguration;
			buildSettings = {
				ALWAYS_EMBED_SWIFT_STANDARD_LIBRARIES = YES;
				CODE_SIGN_STYLE = Automatic;
				CURRENT_PROJECT_VERSION = 1;
				DEVELOPMENT_TEAM = 88A68Y2VZG;
				GENERATE_INFOPLIST_FILE = YES;
				IPHONEOS_DEPLOYMENT_TARGET = 17.2;
				MARKETING_VERSION = 1.0;
				PRODUCT_BUNDLE_IDENTIFIER = "eth-localization.localizrUITests";
				PRODUCT_NAME = "$(TARGET_NAME)";
				SDKROOT = iphoneos;
				SWIFT_EMIT_LOC_STRINGS = NO;
				SWIFT_VERSION = 5.0;
				TARGETED_DEVICE_FAMILY = "1,2";
				TEST_TARGET_NAME = localizr;
			};
			name = Debug;
		};
		2C8197802BCAC55400750137 /* Release */ = {
			isa = XCBuildConfiguration;
			buildSettings = {
				ALWAYS_EMBED_SWIFT_STANDARD_LIBRARIES = YES;
				CODE_SIGN_STYLE = Automatic;
				CURRENT_PROJECT_VERSION = 1;
				DEVELOPMENT_TEAM = 88A68Y2VZG;
				GENERATE_INFOPLIST_FILE = YES;
				IPHONEOS_DEPLOYMENT_TARGET = 17.2;
				MARKETING_VERSION = 1.0;
				PRODUCT_BUNDLE_IDENTIFIER = "eth-localization.localizrUITests";
				PRODUCT_NAME = "$(TARGET_NAME)";
				SDKROOT = iphoneos;
				SWIFT_EMIT_LOC_STRINGS = NO;
				SWIFT_VERSION = 5.0;
				TARGETED_DEVICE_FAMILY = "1,2";
				TEST_TARGET_NAME = localizr;
				VALIDATE_PRODUCT = YES;
			};
			name = Release;
		};
/* End XCBuildConfiguration section */

/* Begin XCConfigurationList section */
		2C81971C2BCA88D200750137 /* Build configuration list for PBXProject "Localizr" */ = {
			isa = XCConfigurationList;
			buildConfigurations = (
				2C8197462BCA88D400750137 /* Debug */,
				2C8197472BCA88D400750137 /* Release */,
			);
			defaultConfigurationIsVisible = 0;
			defaultConfigurationName = Release;
		};
		2C8197782BCAC55400750137 /* Build configuration list for PBXNativeTarget "localizr" */ = {
			isa = XCConfigurationList;
			buildConfigurations = (
				2C8197792BCAC55400750137 /* Debug */,
				2C81977A2BCAC55400750137 /* Release */,
			);
			defaultConfigurationIsVisible = 0;
			defaultConfigurationName = Release;
		};
		2C81977B2BCAC55400750137 /* Build configuration list for PBXNativeTarget "localizrTests" */ = {
			isa = XCConfigurationList;
			buildConfigurations = (
				2C81977C2BCAC55400750137 /* Debug */,
				2C81977D2BCAC55400750137 /* Release */,
			);
			defaultConfigurationIsVisible = 0;
			defaultConfigurationName = Release;
		};
		2C81977E2BCAC55400750137 /* Build configuration list for PBXNativeTarget "localizrUITests" */ = {
			isa = XCConfigurationList;
			buildConfigurations = (
				2C81977F2BCAC55400750137 /* Debug */,
				2C8197802BCAC55400750137 /* Release */,
			);
			defaultConfigurationIsVisible = 0;
			defaultConfigurationName = Release;
		};
/* End XCConfigurationList section */

/* Begin XCRemoteSwiftPackageReference section */
		2CFDF9842BF6428600FE36A4 /* XCRemoteSwiftPackageReference "PythonKit" */ = {
			isa = XCRemoteSwiftPackageReference;
			repositoryURL = "https://github.com/pvieito/PythonKit.git";
			requirement = {
				branch = master;
				kind = branch;
			};
		};
		6C1F8B382BFB9A3E0066E3A9 /* XCRemoteSwiftPackageReference "SwiftGraph" */ = {
			isa = XCRemoteSwiftPackageReference;
			repositoryURL = "https://github.com/davecom/SwiftGraph.git";
			requirement = {
				kind = upToNextMajorVersion;
				minimumVersion = 3.1.0;
			};
		};
/* End XCRemoteSwiftPackageReference section */

/* Begin XCSwiftPackageProductDependency section */
		2CFDF9852BF6428600FE36A4 /* PythonKit */ = {
			isa = XCSwiftPackageProductDependency;
			package = 2CFDF9842BF6428600FE36A4 /* XCRemoteSwiftPackageReference "PythonKit" */;
			productName = PythonKit;
		};
		6C1F8B392BFB9A3E0066E3A9 /* SwiftGraph */ = {
			isa = XCSwiftPackageProductDependency;
			package = 6C1F8B382BFB9A3E0066E3A9 /* XCRemoteSwiftPackageReference "SwiftGraph" */;
			productName = SwiftGraph;
		};
/* End XCSwiftPackageProductDependency section */
	};
	rootObject = 2C8197192BCA88D200750137 /* Project object */;
}
