// !$*UTF8*$!
{
	archiveVersion = 1;
	classes = {
	};
	objectVersion = 56;
	objects = {

/* Begin PBXBuildFile section */
		13EF09D575FA771C4B016C44 /* Pods_localizrTests.framework in Frameworks */ = {isa = PBXBuildFile; fileRef = 2F24B69C266A59C80916DE14 /* Pods_localizrTests.framework */; };
		2C05E4262C00D6FF00A1B2AB /* building.json in Resources */ = {isa = PBXBuildFile; fileRef = 2C05E4252C00D6FF00A1B2AB /* building.json */; };
		2C05E4292C00DB7300A1B2AB /* AppDelegate.swift in Sources */ = {isa = PBXBuildFile; fileRef = 2C05E4272C00DB7300A1B2AB /* AppDelegate.swift */; };
		2C05E42A2C00DB7300A1B2AB /* LocalizerSession.swift in Sources */ = {isa = PBXBuildFile; fileRef = 2C05E4282C00DB7300A1B2AB /* LocalizerSession.swift */; };
		2C05E42C2C00DBAB00A1B2AB /* Building.swift in Sources */ = {isa = PBXBuildFile; fileRef = 2C05E42B2C00DBAB00A1B2AB /* Building.swift */; };
		2C05E43A2C00DC5B00A1B2AB /* BuildingService.swift in Sources */ = {isa = PBXBuildFile; fileRef = 2C05E42D2C00DC5A00A1B2AB /* BuildingService.swift */; };
		2C05E43B2C00DC5B00A1B2AB /* HomePage.swift in Sources */ = {isa = PBXBuildFile; fileRef = 2C05E42E2C00DC5A00A1B2AB /* HomePage.swift */; };
		2C05E43C2C00DC5B00A1B2AB /* LessonsPage.swift in Sources */ = {isa = PBXBuildFile; fileRef = 2C05E42F2C00DC5A00A1B2AB /* LessonsPage.swift */; };
		2C05E43D2C00DC5B00A1B2AB /* RoomSearch.swift in Sources */ = {isa = PBXBuildFile; fileRef = 2C05E4302C00DC5A00A1B2AB /* RoomSearch.swift */; };
		2C05E43E2C00DC5B00A1B2AB /* ContentView.swift in Sources */ = {isa = PBXBuildFile; fileRef = 2C05E4312C00DC5A00A1B2AB /* ContentView.swift */; };
		2C05E43F2C00DC5B00A1B2AB /* NavigationMode.swift in Sources */ = {isa = PBXBuildFile; fileRef = 2C05E4322C00DC5A00A1B2AB /* NavigationMode.swift */; };
		2C05E4412C00DC5B00A1B2AB /* CameraPage.swift in Sources */ = {isa = PBXBuildFile; fileRef = 2C05E4342C00DC5A00A1B2AB /* CameraPage.swift */; };
		2C05E4422C00DC5B00A1B2AB /* MapOverlay.swift in Sources */ = {isa = PBXBuildFile; fileRef = 2C05E4352C00DC5A00A1B2AB /* MapOverlay.swift */; };
		2C05E4432C00DC5B00A1B2AB /* LocalizationPage.swift in Sources */ = {isa = PBXBuildFile; fileRef = 2C05E4362C00DC5A00A1B2AB /* LocalizationPage.swift */; };
		2C05E4442C00DC5B00A1B2AB /* MapUtils.swift in Sources */ = {isa = PBXBuildFile; fileRef = 2C05E4372C00DC5B00A1B2AB /* MapUtils.swift */; };
		2C05E4452C00DC5B00A1B2AB /* GraphView.swift in Sources */ = {isa = PBXBuildFile; fileRef = 2C05E4382C00DC5B00A1B2AB /* GraphView.swift */; };
		2C05E4462C00DC5B00A1B2AB /* CustomButton.swift in Sources */ = {isa = PBXBuildFile; fileRef = 2C05E4392C00DC5B00A1B2AB /* CustomButton.swift */; };
		2C05E4492C00DCD500A1B2AB /* NavigationSession.swift in Sources */ = {isa = PBXBuildFile; fileRef = 2C05E4472C00DCD500A1B2AB /* NavigationSession.swift */; };
		2C05E44A2C00DCD500A1B2AB /* ServiceFactory.swift in Sources */ = {isa = PBXBuildFile; fileRef = 2C05E4482C00DCD500A1B2AB /* ServiceFactory.swift */; };
		2C05E44C2C00DD0600A1B2AB /* NetworkUtils.swift in Sources */ = {isa = PBXBuildFile; fileRef = 2C05E44B2C00DD0600A1B2AB /* NetworkUtils.swift */; };
		2C05E44E2C00DE9200A1B2AB /* IMUService.swift in Sources */ = {isa = PBXBuildFile; fileRef = 2C05E44D2C00DE9200A1B2AB /* IMUService.swift */; };
		2C3D69A02BFE27ED0055F436 /* DequeModule in Frameworks */ = {isa = PBXBuildFile; productRef = 2C3D699F2BFE27ED0055F436 /* DequeModule */; };
		2C3DAF5B2BFB9CB6000E594A /* Assets3D in Resources */ = {isa = PBXBuildFile; fileRef = 2C3DAF5A2BFB9CB6000E594A /* Assets3D */; };
		2C4CFE492BFB3CCA00C1E8D7 /* Podfile in Resources */ = {isa = PBXBuildFile; fileRef = 2C4CFE482BFB3CCA00C1E8D7 /* Podfile */; };
		2C4CFE4A2BFB3CCA00C1E8D7 /* Podfile in Resources */ = {isa = PBXBuildFile; fileRef = 2C4CFE482BFB3CCA00C1E8D7 /* Podfile */; };
		2C4CFE4D2BFB3E9400C1E8D7 /* TorchBindings.mm in Sources */ = {isa = PBXBuildFile; fileRef = 2C4CFE4C2BFB3E9400C1E8D7 /* TorchBindings.mm */; };
		2C4CFE522BFB580D00C1E8D7 /* ImageConversion.swift in Sources */ = {isa = PBXBuildFile; fileRef = 2C4CFE512BFB580D00C1E8D7 /* ImageConversion.swift */; };
		2C4CFE582BFB6BBE00C1E8D7 /* model.pt in Resources */ = {isa = PBXBuildFile; fileRef = 2C4CFE572BFB6BBE00C1E8D7 /* model.pt */; };
		2C81975E2BCAC55300750137 /* Assets.xcassets in Resources */ = {isa = PBXBuildFile; fileRef = 2C81975D2BCAC55300750137 /* Assets.xcassets */; };
		2C8197612BCAC55300750137 /* Preview Assets.xcassets in Resources */ = {isa = PBXBuildFile; fileRef = 2C8197602BCAC55300750137 /* Preview Assets.xcassets */; };
		2C81976B2BCAC55300750137 /* localizrTests.swift in Sources */ = {isa = PBXBuildFile; fileRef = 2C81976A2BCAC55300750137 /* localizrTests.swift */; };
		2C8197752BCAC55400750137 /* localizrUITests.swift in Sources */ = {isa = PBXBuildFile; fileRef = 2C8197742BCAC55400750137 /* localizrUITests.swift */; };
		2C8197772BCAC55400750137 /* localizrUITestsLaunchTests.swift in Sources */ = {isa = PBXBuildFile; fileRef = 2C8197762BCAC55400750137 /* localizrUITestsLaunchTests.swift */; };
		2CFDF9862BF6428600FE36A4 /* PythonKit in Frameworks */ = {isa = PBXBuildFile; productRef = 2CFDF9852BF6428600FE36A4 /* PythonKit */; };
		316EF693BE2C71A799E43C9A /* Pods_localizr_localizrUITests.framework in Frameworks */ = {isa = PBXBuildFile; fileRef = 0D3F18BB09A925DF5FBD9197 /* Pods_localizr_localizrUITests.framework */; };
		6C1F8B352BFB81B00066E3A9 /* walkable_areas.json in Resources */ = {isa = PBXBuildFile; fileRef = 6C1F8B342BFB81B00066E3A9 /* walkable_areas.json */; };
		6C1F8B3A2BFB9A3E0066E3A9 /* SwiftGraph in Frameworks */ = {isa = PBXBuildFile; productRef = 6C1F8B392BFB9A3E0066E3A9 /* SwiftGraph */; };
		A5F3F1B04A39B48B96B68383 /* Pods_localizr.framework in Frameworks */ = {isa = PBXBuildFile; fileRef = 7B85249A5FBE006E4F346449 /* Pods_localizr.framework */; };
/* End PBXBuildFile section */

/* Begin PBXContainerItemProxy section */
		2C8197672BCAC55300750137 /* PBXContainerItemProxy */ = {
			isa = PBXContainerItemProxy;
			containerPortal = 2C8197192BCA88D200750137 /* Project object */;
			proxyType = 1;
			remoteGlobalIDString = 2C8197562BCAC55000750137;
			remoteInfo = localizr;
		};
		2C8197712BCAC55300750137 /* PBXContainerItemProxy */ = {
			isa = PBXContainerItemProxy;
			containerPortal = 2C8197192BCA88D200750137 /* Project object */;
			proxyType = 1;
			remoteGlobalIDString = 2C8197562BCAC55000750137;
			remoteInfo = localizr;
		};
/* End PBXContainerItemProxy section */

/* Begin PBXFileReference section */
		0D3F18BB09A925DF5FBD9197 /* Pods_localizr_localizrUITests.framework */ = {isa = PBXFileReference; explicitFileType = wrapper.framework; includeInIndex = 0; path = Pods_localizr_localizrUITests.framework; sourceTree = BUILT_PRODUCTS_DIR; };
		2612A3CECED59279CC25E706 /* Pods-localizrTests.debug.xcconfig */ = {isa = PBXFileReference; includeInIndex = 1; lastKnownFileType = text.xcconfig; name = "Pods-localizrTests.debug.xcconfig"; path = "Target Support Files/Pods-localizrTests/Pods-localizrTests.debug.xcconfig"; sourceTree = "<group>"; };
		2C05E4252C00D6FF00A1B2AB /* building.json */ = {isa = PBXFileReference; fileEncoding = 4; lastKnownFileType = text.json; name = building.json; path = Localizr/HG_Resources/building.json; sourceTree = SOURCE_ROOT; };
		2C05E4272C00DB7300A1B2AB /* AppDelegate.swift */ = {isa = PBXFileReference; fileEncoding = 4; lastKnownFileType = sourcecode.swift; name = AppDelegate.swift; path = Localizr/AppDelegate.swift; sourceTree = SOURCE_ROOT; };
		2C05E4282C00DB7300A1B2AB /* LocalizerSession.swift */ = {isa = PBXFileReference; fileEncoding = 4; lastKnownFileType = sourcecode.swift; name = LocalizerSession.swift; path = Localizr/LocalizerSession.swift; sourceTree = SOURCE_ROOT; };
		2C05E42B2C00DBAB00A1B2AB /* Building.swift */ = {isa = PBXFileReference; fileEncoding = 4; lastKnownFileType = sourcecode.swift; name = Building.swift; path = Localizr/Building.swift; sourceTree = SOURCE_ROOT; };
		2C05E42D2C00DC5A00A1B2AB /* BuildingService.swift */ = {isa = PBXFileReference; fileEncoding = 4; lastKnownFileType = sourcecode.swift; name = BuildingService.swift; path = Localizr/BuildingService.swift; sourceTree = SOURCE_ROOT; };
		2C05E42E2C00DC5A00A1B2AB /* HomePage.swift */ = {isa = PBXFileReference; fileEncoding = 4; lastKnownFileType = sourcecode.swift; name = HomePage.swift; path = Localizr/HomePage.swift; sourceTree = SOURCE_ROOT; };
		2C05E42F2C00DC5A00A1B2AB /* LessonsPage.swift */ = {isa = PBXFileReference; fileEncoding = 4; lastKnownFileType = sourcecode.swift; name = LessonsPage.swift; path = Localizr/LessonsPage.swift; sourceTree = SOURCE_ROOT; };
		2C05E4302C00DC5A00A1B2AB /* RoomSearch.swift */ = {isa = PBXFileReference; fileEncoding = 4; lastKnownFileType = sourcecode.swift; name = RoomSearch.swift; path = Localizr/RoomSearch.swift; sourceTree = SOURCE_ROOT; };
		2C05E4312C00DC5A00A1B2AB /* ContentView.swift */ = {isa = PBXFileReference; fileEncoding = 4; lastKnownFileType = sourcecode.swift; name = ContentView.swift; path = Localizr/ContentView.swift; sourceTree = SOURCE_ROOT; };
		2C05E4322C00DC5A00A1B2AB /* NavigationMode.swift */ = {isa = PBXFileReference; fileEncoding = 4; lastKnownFileType = sourcecode.swift; name = NavigationMode.swift; path = Localizr/NavigationMode.swift; sourceTree = SOURCE_ROOT; };
		2C05E4342C00DC5A00A1B2AB /* CameraPage.swift */ = {isa = PBXFileReference; fileEncoding = 4; lastKnownFileType = sourcecode.swift; name = CameraPage.swift; path = Localizr/CameraPage.swift; sourceTree = SOURCE_ROOT; };
		2C05E4352C00DC5A00A1B2AB /* MapOverlay.swift */ = {isa = PBXFileReference; fileEncoding = 4; lastKnownFileType = sourcecode.swift; name = MapOverlay.swift; path = Localizr/MapOverlay.swift; sourceTree = SOURCE_ROOT; };
		2C05E4362C00DC5A00A1B2AB /* LocalizationPage.swift */ = {isa = PBXFileReference; fileEncoding = 4; lastKnownFileType = sourcecode.swift; name = LocalizationPage.swift; path = Localizr/LocalizationPage.swift; sourceTree = SOURCE_ROOT; };
		2C05E4372C00DC5B00A1B2AB /* MapUtils.swift */ = {isa = PBXFileReference; fileEncoding = 4; lastKnownFileType = sourcecode.swift; name = MapUtils.swift; path = Localizr/MapUtils.swift; sourceTree = SOURCE_ROOT; };
		2C05E4382C00DC5B00A1B2AB /* GraphView.swift */ = {isa = PBXFileReference; fileEncoding = 4; lastKnownFileType = sourcecode.swift; name = GraphView.swift; path = Localizr/GraphView.swift; sourceTree = SOURCE_ROOT; };
		2C05E4392C00DC5B00A1B2AB /* CustomButton.swift */ = {isa = PBXFileReference; fileEncoding = 4; lastKnownFileType = sourcecode.swift; name = CustomButton.swift; path = Localizr/CustomButton.swift; sourceTree = SOURCE_ROOT; };
		2C05E4472C00DCD500A1B2AB /* NavigationSession.swift */ = {isa = PBXFileReference; fileEncoding = 4; lastKnownFileType = sourcecode.swift; name = NavigationSession.swift; path = Localizr/NavigationSession.swift; sourceTree = SOURCE_ROOT; };
		2C05E4482C00DCD500A1B2AB /* ServiceFactory.swift */ = {isa = PBXFileReference; fileEncoding = 4; lastKnownFileType = sourcecode.swift; name = ServiceFactory.swift; path = Localizr/ServiceFactory.swift; sourceTree = SOURCE_ROOT; };
		2C05E44B2C00DD0600A1B2AB /* NetworkUtils.swift */ = {isa = PBXFileReference; fileEncoding = 4; lastKnownFileType = sourcecode.swift; name = NetworkUtils.swift; path = Localizr/NetworkUtils.swift; sourceTree = SOURCE_ROOT; };
		2C05E44D2C00DE9200A1B2AB /* IMUService.swift */ = {isa = PBXFileReference; fileEncoding = 4; lastKnownFileType = sourcecode.swift; name = IMUService.swift; path = Localizr/IMUService.swift; sourceTree = SOURCE_ROOT; };
		2C3DAF5A2BFB9CB6000E594A /* Assets3D */ = {isa = PBXFileReference; fileEncoding = 4; lastKnownFileType = text; name = Assets3D; path = Localizr/Assets3D; sourceTree = SOURCE_ROOT; };
		2C4CFE482BFB3CCA00C1E8D7 /* Podfile */ = {isa = PBXFileReference; fileEncoding = 4; lastKnownFileType = text; path = Podfile; sourceTree = "<group>"; xcLanguageSpecificationIdentifier = xcode.lang.ruby; };
		2C4CFE4C2BFB3E9400C1E8D7 /* TorchBindings.mm */ = {isa = PBXFileReference; lastKnownFileType = sourcecode.cpp.objcpp; name = TorchBindings.mm; path = localizr/TorchBindings/TorchBindings.mm; sourceTree = SOURCE_ROOT; };
		2C4CFE4E2BFB3F2A00C1E8D7 /* TorchModule.h */ = {isa = PBXFileReference; lastKnownFileType = sourcecode.c.h; name = TorchModule.h; path = localizr/TorchBindings/TorchModule.h; sourceTree = SOURCE_ROOT; };
		2C4CFE4F2BFB3FDE00C1E8D7 /* localizr-Bridging-Header.h */ = {isa = PBXFileReference; lastKnownFileType = sourcecode.c.h; name = "localizr-Bridging-Header.h"; path = "localizr/localizr-Bridging-Header.h"; sourceTree = SOURCE_ROOT; };
		2C4CFE512BFB580D00C1E8D7 /* ImageConversion.swift */ = {isa = PBXFileReference; lastKnownFileType = sourcecode.swift; name = ImageConversion.swift; path = Localizr/TorchBindings/ImageConversion.swift; sourceTree = SOURCE_ROOT; };
		2C4CFE552BFB6B6800C1E8D7 /* model.pt */ = {isa = PBXFileReference; lastKnownFileType = file; name = model.pt; path = Localizr/TorchBindings/Model/model.pt; sourceTree = "<group>"; };
		2C4CFE572BFB6BBE00C1E8D7 /* model.pt */ = {isa = PBXFileReference; lastKnownFileType = file; path = model.pt; sourceTree = "<group>"; };
		2C8197572BCAC55000750137 /* localizr.app */ = {isa = PBXFileReference; explicitFileType = wrapper.application; includeInIndex = 0; path = localizr.app; sourceTree = BUILT_PRODUCTS_DIR; };
		2C81975D2BCAC55300750137 /* Assets.xcassets */ = {isa = PBXFileReference; lastKnownFileType = folder.assetcatalog; path = Assets.xcassets; sourceTree = "<group>"; };
		2C8197602BCAC55300750137 /* Preview Assets.xcassets */ = {isa = PBXFileReference; lastKnownFileType = folder.assetcatalog; path = "Preview Assets.xcassets"; sourceTree = "<group>"; };
		2C8197662BCAC55300750137 /* localizrTests.xctest */ = {isa = PBXFileReference; explicitFileType = wrapper.cfbundle; includeInIndex = 0; path = localizrTests.xctest; sourceTree = BUILT_PRODUCTS_DIR; };
		2C81976A2BCAC55300750137 /* localizrTests.swift */ = {isa = PBXFileReference; lastKnownFileType = sourcecode.swift; path = localizrTests.swift; sourceTree = "<group>"; };
		2C8197702BCAC55300750137 /* localizrUITests.xctest */ = {isa = PBXFileReference; explicitFileType = wrapper.cfbundle; includeInIndex = 0; path = localizrUITests.xctest; sourceTree = BUILT_PRODUCTS_DIR; };
		2C8197742BCAC55400750137 /* localizrUITests.swift */ = {isa = PBXFileReference; lastKnownFileType = sourcecode.swift; path = localizrUITests.swift; sourceTree = "<group>"; };
		2C8197762BCAC55400750137 /* localizrUITestsLaunchTests.swift */ = {isa = PBXFileReference; lastKnownFileType = sourcecode.swift; path = localizrUITestsLaunchTests.swift; sourceTree = "<group>"; };
		2CFDF98B2BF65FB400FE36A4 /* building.json */ = {isa = PBXFileReference; fileEncoding = 4; lastKnownFileType = text.json; path = building.json; sourceTree = "<group>"; };
		2F24B69C266A59C80916DE14 /* Pods_localizrTests.framework */ = {isa = PBXFileReference; explicitFileType = wrapper.framework; includeInIndex = 0; path = Pods_localizrTests.framework; sourceTree = BUILT_PRODUCTS_DIR; };
		52CC50F962C0B3BE0BC316DE /* Pods-localizr-localizrUITests.release.xcconfig */ = {isa = PBXFileReference; includeInIndex = 1; lastKnownFileType = text.xcconfig; name = "Pods-localizr-localizrUITests.release.xcconfig"; path = "Target Support Files/Pods-localizr-localizrUITests/Pods-localizr-localizrUITests.release.xcconfig"; sourceTree = "<group>"; };
		6C1F8B342BFB81B00066E3A9 /* walkable_areas.json */ = {isa = PBXFileReference; lastKnownFileType = text.json; name = walkable_areas.json; path = Localizr/HG_Resources/walkable_areas.json; sourceTree = SOURCE_ROOT; };
		71F442334AEE25CD65B3C1B4 /* Pods-localizr.release.xcconfig */ = {isa = PBXFileReference; includeInIndex = 1; lastKnownFileType = text.xcconfig; name = "Pods-localizr.release.xcconfig"; path = "Target Support Files/Pods-localizr/Pods-localizr.release.xcconfig"; sourceTree = "<group>"; };
		7B85249A5FBE006E4F346449 /* Pods_localizr.framework */ = {isa = PBXFileReference; explicitFileType = wrapper.framework; includeInIndex = 0; path = Pods_localizr.framework; sourceTree = BUILT_PRODUCTS_DIR; };
		B4B35784919371F4D51FABEF /* Pods-localizrTests.release.xcconfig */ = {isa = PBXFileReference; includeInIndex = 1; lastKnownFileType = text.xcconfig; name = "Pods-localizrTests.release.xcconfig"; path = "Target Support Files/Pods-localizrTests/Pods-localizrTests.release.xcconfig"; sourceTree = "<group>"; };
		DDB750D7423D888EB6839F8C /* Pods-localizr-localizrUITests.debug.xcconfig */ = {isa = PBXFileReference; includeInIndex = 1; lastKnownFileType = text.xcconfig; name = "Pods-localizr-localizrUITests.debug.xcconfig"; path = "Target Support Files/Pods-localizr-localizrUITests/Pods-localizr-localizrUITests.debug.xcconfig"; sourceTree = "<group>"; };
		ED9C52AEA36601DCA361FB30 /* Pods-localizr.debug.xcconfig */ = {isa = PBXFileReference; includeInIndex = 1; lastKnownFileType = text.xcconfig; name = "Pods-localizr.debug.xcconfig"; path = "Target Support Files/Pods-localizr/Pods-localizr.debug.xcconfig"; sourceTree = "<group>"; };
/* End PBXFileReference section */

/* Begin PBXFrameworksBuildPhase section */
		2C8197542BCAC55000750137 /* Frameworks */ = {
			isa = PBXFrameworksBuildPhase;
			buildActionMask = 2147483647;
			files = (
				2CFDF9862BF6428600FE36A4 /* PythonKit in Frameworks */,
				A5F3F1B04A39B48B96B68383 /* Pods_localizr.framework in Frameworks */,
				2C3D69A02BFE27ED0055F436 /* DequeModule in Frameworks */,
				6C1F8B3A2BFB9A3E0066E3A9 /* SwiftGraph in Frameworks */,
			);
			runOnlyForDeploymentPostprocessing = 0;
		};
		2C8197632BCAC55300750137 /* Frameworks */ = {
			isa = PBXFrameworksBuildPhase;
			buildActionMask = 2147483647;
			files = (
				13EF09D575FA771C4B016C44 /* Pods_localizrTests.framework in Frameworks */,
			);
			runOnlyForDeploymentPostprocessing = 0;
		};
		2C81976D2BCAC55300750137 /* Frameworks */ = {
			isa = PBXFrameworksBuildPhase;
			buildActionMask = 2147483647;
			files = (
				316EF693BE2C71A799E43C9A /* Pods_localizr_localizrUITests.framework in Frameworks */,
			);
			runOnlyForDeploymentPostprocessing = 0;
		};
/* End PBXFrameworksBuildPhase section */

/* Begin PBXGroup section */
		2C05E4242C00D39800A1B2AB /* Recovered References */ = {
			isa = PBXGroup;
			children = (
				2CFDF98B2BF65FB400FE36A4 /* building.json */,
			);
			name = "Recovered References";
			sourceTree = "<group>";
		};
		2C4CFE232BF9099B00C1E8D7 /* Frameworks */ = {
			isa = PBXGroup;
			children = (
				7B85249A5FBE006E4F346449 /* Pods_localizr.framework */,
				0D3F18BB09A925DF5FBD9197 /* Pods_localizr_localizrUITests.framework */,
				2F24B69C266A59C80916DE14 /* Pods_localizrTests.framework */,
			);
			name = Frameworks;
			sourceTree = "<group>";
		};
		2C4CFE502BFB40E200C1E8D7 /* TorchBindings */ = {
			isa = PBXGroup;
			children = (
				2C4CFE542BFB6B0000C1E8D7 /* Model */,
				2C4CFE4C2BFB3E9400C1E8D7 /* TorchBindings.mm */,
				2C4CFE4E2BFB3F2A00C1E8D7 /* TorchModule.h */,
				2C4CFE512BFB580D00C1E8D7 /* ImageConversion.swift */,
			);
			path = TorchBindings;
			sourceTree = "<group>";
		};
		2C4CFE542BFB6B0000C1E8D7 /* Model */ = {
			isa = PBXGroup;
			children = (
				2C4CFE572BFB6BBE00C1E8D7 /* model.pt */,
			);
			path = Model;
			sourceTree = "<group>";
		};
		2C8197182BCA88D200750137 = {
			isa = PBXGroup;
			children = (
				2C4CFE552BFB6B6800C1E8D7 /* model.pt */,
				2C4CFE482BFB3CCA00C1E8D7 /* Podfile */,
				2C8197582BCAC55000750137 /* localizr */,
				2C8197692BCAC55300750137 /* localizrTests */,
				2C8197732BCAC55400750137 /* localizrUITests */,
				2C8197222BCA88D200750137 /* Products */,
				2C4CFE232BF9099B00C1E8D7 /* Frameworks */,
				6D582CAEA9A4ED12294E9B00 /* Pods */,
				2C05E4242C00D39800A1B2AB /* Recovered References */,
			);
			sourceTree = "<group>";
		};
		2C8197222BCA88D200750137 /* Products */ = {
			isa = PBXGroup;
			children = (
				2C8197572BCAC55000750137 /* localizr.app */,
				2C8197662BCAC55300750137 /* localizrTests.xctest */,
				2C8197702BCAC55300750137 /* localizrUITests.xctest */,
			);
			name = Products;
			sourceTree = "<group>";
		};
		2C8197582BCAC55000750137 /* localizr */ = {
			isa = PBXGroup;
			children = (
				2C05E44D2C00DE9200A1B2AB /* IMUService.swift */,
				2C05E44B2C00DD0600A1B2AB /* NetworkUtils.swift */,
				2C05E4472C00DCD500A1B2AB /* NavigationSession.swift */,
				2C05E4482C00DCD500A1B2AB /* ServiceFactory.swift */,
				2C05E42D2C00DC5A00A1B2AB /* BuildingService.swift */,
				2C05E4342C00DC5A00A1B2AB /* CameraPage.swift */,
				2C05E4312C00DC5A00A1B2AB /* ContentView.swift */,
				2C05E4392C00DC5B00A1B2AB /* CustomButton.swift */,
				2C05E4382C00DC5B00A1B2AB /* GraphView.swift */,
				2C05E42E2C00DC5A00A1B2AB /* HomePage.swift */,
				2C05E42F2C00DC5A00A1B2AB /* LessonsPage.swift */,
				2C05E4362C00DC5A00A1B2AB /* LocalizationPage.swift */,
				2C05E4352C00DC5A00A1B2AB /* MapOverlay.swift */,
				2C05E4372C00DC5B00A1B2AB /* MapUtils.swift */,
				2C05E4322C00DC5A00A1B2AB /* NavigationMode.swift */,
				2C05E4302C00DC5A00A1B2AB /* RoomSearch.swift */,
				2C05E42B2C00DBAB00A1B2AB /* Building.swift */,
				2C05E4272C00DB7300A1B2AB /* AppDelegate.swift */,
				2C05E4282C00DB7300A1B2AB /* LocalizerSession.swift */,
				2C3DAF5A2BFB9CB6000E594A /* Assets3D */,
				2C4CFE4F2BFB3FDE00C1E8D7 /* localizr-Bridging-Header.h */,
				2C4CFE502BFB40E200C1E8D7 /* TorchBindings */,
				2CFDF98A2BF65F7600FE36A4 /* HG_Resources */,
				2C81975D2BCAC55300750137 /* Assets.xcassets */,
				2C81975F2BCAC55300750137 /* Preview Content */,
			);
			path = localizr;
			sourceTree = "<group>";
		};
		2C81975F2BCAC55300750137 /* Preview Content */ = {
			isa = PBXGroup;
			children = (
				2C8197602BCAC55300750137 /* Preview Assets.xcassets */,
			);
			path = "Preview Content";
			sourceTree = "<group>";
		};
		2C8197692BCAC55300750137 /* localizrTests */ = {
			isa = PBXGroup;
			children = (
				2C81976A2BCAC55300750137 /* localizrTests.swift */,
			);
			path = localizrTests;
			sourceTree = "<group>";
		};
		2C8197732BCAC55400750137 /* localizrUITests */ = {
			isa = PBXGroup;
			children = (
				2C8197742BCAC55400750137 /* localizrUITests.swift */,
				2C8197762BCAC55400750137 /* localizrUITestsLaunchTests.swift */,
			);
			path = localizrUITests;
			sourceTree = "<group>";
		};
		2CFDF98A2BF65F7600FE36A4 /* HG_Resources */ = {
			isa = PBXGroup;
			children = (
				2C05E4252C00D6FF00A1B2AB /* building.json */,
				6C1F8B342BFB81B00066E3A9 /* walkable_areas.json */,
			);
			path = HG_Resources;
			sourceTree = "<group>";
		};
		6D582CAEA9A4ED12294E9B00 /* Pods */ = {
			isa = PBXGroup;
			children = (
				ED9C52AEA36601DCA361FB30 /* Pods-localizr.debug.xcconfig */,
				71F442334AEE25CD65B3C1B4 /* Pods-localizr.release.xcconfig */,
				DDB750D7423D888EB6839F8C /* Pods-localizr-localizrUITests.debug.xcconfig */,
				52CC50F962C0B3BE0BC316DE /* Pods-localizr-localizrUITests.release.xcconfig */,
				2612A3CECED59279CC25E706 /* Pods-localizrTests.debug.xcconfig */,
				B4B35784919371F4D51FABEF /* Pods-localizrTests.release.xcconfig */,
			);
			path = Pods;
			sourceTree = "<group>";
		};
/* End PBXGroup section */

/* Begin PBXNativeTarget section */
		2C8197562BCAC55000750137 /* localizr */ = {
			isa = PBXNativeTarget;
			buildConfigurationList = 2C8197782BCAC55400750137 /* Build configuration list for PBXNativeTarget "localizr" */;
			buildPhases = (
				7D02458A7E99709617B6CC19 /* [CP] Check Pods Manifest.lock */,
				2C8197532BCAC55000750137 /* Sources */,
				2C8197542BCAC55000750137 /* Frameworks */,
				2C8197552BCAC55000750137 /* Resources */,
			);
			buildRules = (
			);
			dependencies = (
			);
			name = localizr;
			packageProductDependencies = (
				2CFDF9852BF6428600FE36A4 /* PythonKit */,
				2C3D699F2BFE27ED0055F436 /* DequeModule */,
				6C1F8B392BFB9A3E0066E3A9 /* SwiftGraph */,
			);
			productName = localizr;
			productReference = 2C8197572BCAC55000750137 /* localizr.app */;
			productType = "com.apple.product-type.application";
		};
		2C8197652BCAC55300750137 /* localizrTests */ = {
			isa = PBXNativeTarget;
			buildConfigurationList = 2C81977B2BCAC55400750137 /* Build configuration list for PBXNativeTarget "localizrTests" */;
			buildPhases = (
				17AFCF1017CB02F65AD8B1AD /* [CP] Check Pods Manifest.lock */,
				2C8197622BCAC55300750137 /* Sources */,
				2C8197632BCAC55300750137 /* Frameworks */,
				2C8197642BCAC55300750137 /* Resources */,
			);
			buildRules = (
			);
			dependencies = (
				2C8197682BCAC55300750137 /* PBXTargetDependency */,
			);
			name = localizrTests;
			productName = localizrTests;
			productReference = 2C8197662BCAC55300750137 /* localizrTests.xctest */;
			productType = "com.apple.product-type.bundle.unit-test";
		};
		2C81976F2BCAC55300750137 /* localizrUITests */ = {
			isa = PBXNativeTarget;
			buildConfigurationList = 2C81977E2BCAC55400750137 /* Build configuration list for PBXNativeTarget "localizrUITests" */;
			buildPhases = (
				0E63F267E95E5D15AD623970 /* [CP] Check Pods Manifest.lock */,
				2C81976C2BCAC55300750137 /* Sources */,
				2C81976D2BCAC55300750137 /* Frameworks */,
				2C81976E2BCAC55300750137 /* Resources */,
			);
			buildRules = (
			);
			dependencies = (
				2C8197722BCAC55300750137 /* PBXTargetDependency */,
			);
			name = localizrUITests;
			productName = localizrUITests;
			productReference = 2C8197702BCAC55300750137 /* localizrUITests.xctest */;
			productType = "com.apple.product-type.bundle.ui-testing";
		};
/* End PBXNativeTarget section */

/* Begin PBXProject section */
		2C8197192BCA88D200750137 /* Project object */ = {
			isa = PBXProject;
			attributes = {
				BuildIndependentTargetsInParallel = 1;
				LastSwiftUpdateCheck = 1520;
				LastUpgradeCheck = 1520;
				TargetAttributes = {
					2C8197562BCAC55000750137 = {
						CreatedOnToolsVersion = 15.2;
						LastSwiftMigration = 1520;
					};
					2C8197652BCAC55300750137 = {
						CreatedOnToolsVersion = 15.2;
						TestTargetID = 2C8197562BCAC55000750137;
					};
					2C81976F2BCAC55300750137 = {
						CreatedOnToolsVersion = 15.2;
						TestTargetID = 2C8197562BCAC55000750137;
					};
				};
			};
			buildConfigurationList = 2C81971C2BCA88D200750137 /* Build configuration list for PBXProject "Localizr" */;
			compatibilityVersion = "Xcode 14.0";
			developmentRegion = en;
			hasScannedForEncodings = 0;
			knownRegions = (
				en,
				Base,
			);
			mainGroup = 2C8197182BCA88D200750137;
			packageReferences = (
				2CFDF9842BF6428600FE36A4 /* XCRemoteSwiftPackageReference "PythonKit" */,
				2C3D699E2BFE27ED0055F436 /* XCRemoteSwiftPackageReference "swift-collections" */,
				6C1F8B382BFB9A3E0066E3A9 /* XCRemoteSwiftPackageReference "SwiftGraph" */,
			);
			productRefGroup = 2C8197222BCA88D200750137 /* Products */;
			projectDirPath = "";
			projectRoot = "";
			targets = (
				2C8197562BCAC55000750137 /* localizr */,
				2C8197652BCAC55300750137 /* localizrTests */,
				2C81976F2BCAC55300750137 /* localizrUITests */,
			);
		};
/* End PBXProject section */

/* Begin PBXResourcesBuildPhase section */
		2C8197552BCAC55000750137 /* Resources */ = {
			isa = PBXResourcesBuildPhase;
			buildActionMask = 2147483647;
			files = (
				6C1F8B352BFB81B00066E3A9 /* walkable_areas.json in Resources */,
				2C8197612BCAC55300750137 /* Preview Assets.xcassets in Resources */,
				2C05E4262C00D6FF00A1B2AB /* building.json in Resources */,
				2C4CFE492BFB3CCA00C1E8D7 /* Podfile in Resources */,
				2C81975E2BCAC55300750137 /* Assets.xcassets in Resources */,
				2C3DAF5B2BFB9CB6000E594A /* Assets3D in Resources */,
				2C4CFE582BFB6BBE00C1E8D7 /* model.pt in Resources */,
			);
			runOnlyForDeploymentPostprocessing = 0;
		};
		2C8197642BCAC55300750137 /* Resources */ = {
			isa = PBXResourcesBuildPhase;
			buildActionMask = 2147483647;
			files = (
				2C4CFE4A2BFB3CCA00C1E8D7 /* Podfile in Resources */,
			);
			runOnlyForDeploymentPostprocessing = 0;
		};
		2C81976E2BCAC55300750137 /* Resources */ = {
			isa = PBXResourcesBuildPhase;
			buildActionMask = 2147483647;
			files = (
			);
			runOnlyForDeploymentPostprocessing = 0;
		};
/* End PBXResourcesBuildPhase section */

/* Begin PBXShellScriptBuildPhase section */
		0E63F267E95E5D15AD623970 /* [CP] Check Pods Manifest.lock */ = {
			isa = PBXShellScriptBuildPhase;
			buildActionMask = 2147483647;
			files = (
			);
			inputFileListPaths = (
			);
			inputPaths = (
				"${PODS_PODFILE_DIR_PATH}/Podfile.lock",
				"${PODS_ROOT}/Manifest.lock",
			);
			name = "[CP] Check Pods Manifest.lock";
			outputFileListPaths = (
			);
			outputPaths = (
				"$(DERIVED_FILE_DIR)/Pods-localizr-localizrUITests-checkManifestLockResult.txt",
			);
			runOnlyForDeploymentPostprocessing = 0;
			shellPath = /bin/sh;
			shellScript = "diff \"${PODS_PODFILE_DIR_PATH}/Podfile.lock\" \"${PODS_ROOT}/Manifest.lock\" > /dev/null\nif [ $? != 0 ] ; then\n    # print error to STDERR\n    echo \"error: The sandbox is not in sync with the Podfile.lock. Run 'pod install' or update your CocoaPods installation.\" >&2\n    exit 1\nfi\n# This output is used by Xcode 'outputs' to avoid re-running this script phase.\necho \"SUCCESS\" > \"${SCRIPT_OUTPUT_FILE_0}\"\n";
			showEnvVarsInLog = 0;
		};
		17AFCF1017CB02F65AD8B1AD /* [CP] Check Pods Manifest.lock */ = {
			isa = PBXShellScriptBuildPhase;
			buildActionMask = 2147483647;
			files = (
			);
			inputFileListPaths = (
			);
			inputPaths = (
				"${PODS_PODFILE_DIR_PATH}/Podfile.lock",
				"${PODS_ROOT}/Manifest.lock",
			);
			name = "[CP] Check Pods Manifest.lock";
			outputFileListPaths = (
			);
			outputPaths = (
				"$(DERIVED_FILE_DIR)/Pods-localizrTests-checkManifestLockResult.txt",
			);
			runOnlyForDeploymentPostprocessing = 0;
			shellPath = /bin/sh;
			shellScript = "diff \"${PODS_PODFILE_DIR_PATH}/Podfile.lock\" \"${PODS_ROOT}/Manifest.lock\" > /dev/null\nif [ $? != 0 ] ; then\n    # print error to STDERR\n    echo \"error: The sandbox is not in sync with the Podfile.lock. Run 'pod install' or update your CocoaPods installation.\" >&2\n    exit 1\nfi\n# This output is used by Xcode 'outputs' to avoid re-running this script phase.\necho \"SUCCESS\" > \"${SCRIPT_OUTPUT_FILE_0}\"\n";
			showEnvVarsInLog = 0;
		};
		7D02458A7E99709617B6CC19 /* [CP] Check Pods Manifest.lock */ = {
			isa = PBXShellScriptBuildPhase;
			buildActionMask = 2147483647;
			files = (
			);
			inputFileListPaths = (
			);
			inputPaths = (
				"${PODS_PODFILE_DIR_PATH}/Podfile.lock",
				"${PODS_ROOT}/Manifest.lock",
			);
			name = "[CP] Check Pods Manifest.lock";
			outputFileListPaths = (
			);
			outputPaths = (
				"$(DERIVED_FILE_DIR)/Pods-localizr-checkManifestLockResult.txt",
			);
			runOnlyForDeploymentPostprocessing = 0;
			shellPath = /bin/sh;
			shellScript = "diff \"${PODS_PODFILE_DIR_PATH}/Podfile.lock\" \"${PODS_ROOT}/Manifest.lock\" > /dev/null\nif [ $? != 0 ] ; then\n    # print error to STDERR\n    echo \"error: The sandbox is not in sync with the Podfile.lock. Run 'pod install' or update your CocoaPods installation.\" >&2\n    exit 1\nfi\n# This output is used by Xcode 'outputs' to avoid re-running this script phase.\necho \"SUCCESS\" > \"${SCRIPT_OUTPUT_FILE_0}\"\n";
			showEnvVarsInLog = 0;
		};
/* End PBXShellScriptBuildPhase section */

/* Begin PBXSourcesBuildPhase section */
		2C8197532BCAC55000750137 /* Sources */ = {
			isa = PBXSourcesBuildPhase;
			buildActionMask = 2147483647;
			files = (
				2C05E44A2C00DCD500A1B2AB /* ServiceFactory.swift in Sources */,
				2C05E43C2C00DC5B00A1B2AB /* LessonsPage.swift in Sources */,
				2C05E43F2C00DC5B00A1B2AB /* NavigationMode.swift in Sources */,
				2C05E44E2C00DE9200A1B2AB /* IMUService.swift in Sources */,
				2C05E4462C00DC5B00A1B2AB /* CustomButton.swift in Sources */,
				2C05E4292C00DB7300A1B2AB /* AppDelegate.swift in Sources */,
				2C4CFE522BFB580D00C1E8D7 /* ImageConversion.swift in Sources */,
				2C05E42C2C00DBAB00A1B2AB /* Building.swift in Sources */,
				2C05E4422C00DC5B00A1B2AB /* MapOverlay.swift in Sources */,
				2C05E4432C00DC5B00A1B2AB /* LocalizationPage.swift in Sources */,
				2C05E42A2C00DB7300A1B2AB /* LocalizerSession.swift in Sources */,
				2C05E4442C00DC5B00A1B2AB /* MapUtils.swift in Sources */,
				2C05E4492C00DCD500A1B2AB /* NavigationSession.swift in Sources */,
				2C4CFE4D2BFB3E9400C1E8D7 /* TorchBindings.mm in Sources */,
				2C05E4412C00DC5B00A1B2AB /* CameraPage.swift in Sources */,
				2C05E43E2C00DC5B00A1B2AB /* ContentView.swift in Sources */,
				2C05E4452C00DC5B00A1B2AB /* GraphView.swift in Sources */,
				2C05E43B2C00DC5B00A1B2AB /* HomePage.swift in Sources */,
				2C05E43D2C00DC5B00A1B2AB /* RoomSearch.swift in Sources */,
				2C05E44C2C00DD0600A1B2AB /* NetworkUtils.swift in Sources */,
				2C05E43A2C00DC5B00A1B2AB /* BuildingService.swift in Sources */,
			);
			runOnlyForDeploymentPostprocessing = 0;
		};
		2C8197622BCAC55300750137 /* Sources */ = {
			isa = PBXSourcesBuildPhase;
			buildActionMask = 2147483647;
			files = (
				2C81976B2BCAC55300750137 /* localizrTests.swift in Sources */,
			);
			runOnlyForDeploymentPostprocessing = 0;
		};
		2C81976C2BCAC55300750137 /* Sources */ = {
			isa = PBXSourcesBuildPhase;
			buildActionMask = 2147483647;
			files = (
				2C8197772BCAC55400750137 /* localizrUITestsLaunchTests.swift in Sources */,
				2C8197752BCAC55400750137 /* localizrUITests.swift in Sources */,
			);
			runOnlyForDeploymentPostprocessing = 0;
		};
/* End PBXSourcesBuildPhase section */

/* Begin PBXTargetDependency section */
		2C8197682BCAC55300750137 /* PBXTargetDependency */ = {
			isa = PBXTargetDependency;
			target = 2C8197562BCAC55000750137 /* localizr */;
			targetProxy = 2C8197672BCAC55300750137 /* PBXContainerItemProxy */;
		};
		2C8197722BCAC55300750137 /* PBXTargetDependency */ = {
			isa = PBXTargetDependency;
			target = 2C8197562BCAC55000750137 /* localizr */;
			targetProxy = 2C8197712BCAC55300750137 /* PBXContainerItemProxy */;
		};
/* End PBXTargetDependency section */

/* Begin XCBuildConfiguration section */
		2C8197462BCA88D400750137 /* Debug */ = {
			isa = XCBuildConfiguration;
			buildSettings = {
				ALWAYS_SEARCH_USER_PATHS = NO;
				ASSETCATALOG_COMPILER_GENERATE_SWIFT_ASSET_SYMBOL_EXTENSIONS = YES;
				CLANG_ANALYZER_NONNULL = YES;
				CLANG_ANALYZER_NUMBER_OBJECT_CONVERSION = YES_AGGRESSIVE;
				CLANG_CXX_LANGUAGE_STANDARD = "gnu++20";
				CLANG_ENABLE_MODULES = YES;
				CLANG_ENABLE_OBJC_ARC = YES;
				CLANG_ENABLE_OBJC_WEAK = YES;
				CLANG_WARN_BLOCK_CAPTURE_AUTORELEASING = YES;
				CLANG_WARN_BOOL_CONVERSION = YES;
				CLANG_WARN_COMMA = YES;
				CLANG_WARN_CONSTANT_CONVERSION = YES;
				CLANG_WARN_DEPRECATED_OBJC_IMPLEMENTATIONS = YES;
				CLANG_WARN_DIRECT_OBJC_ISA_USAGE = YES_ERROR;
				CLANG_WARN_DOCUMENTATION_COMMENTS = YES;
				CLANG_WARN_EMPTY_BODY = YES;
				CLANG_WARN_ENUM_CONVERSION = YES;
				CLANG_WARN_INFINITE_RECURSION = YES;
				CLANG_WARN_INT_CONVERSION = YES;
				CLANG_WARN_NON_LITERAL_NULL_CONVERSION = YES;
				CLANG_WARN_OBJC_IMPLICIT_RETAIN_SELF = YES;
				CLANG_WARN_OBJC_LITERAL_CONVERSION = YES;
				CLANG_WARN_OBJC_ROOT_CLASS = YES_ERROR;
				CLANG_WARN_QUOTED_INCLUDE_IN_FRAMEWORK_HEADER = YES;
				CLANG_WARN_RANGE_LOOP_ANALYSIS = YES;
				CLANG_WARN_STRICT_PROTOTYPES = YES;
				CLANG_WARN_SUSPICIOUS_MOVE = YES;
				CLANG_WARN_UNGUARDED_AVAILABILITY = YES_AGGRESSIVE;
				CLANG_WARN_UNREACHABLE_CODE = YES;
				CLANG_WARN__DUPLICATE_METHOD_MATCH = YES;
				COPY_PHASE_STRIP = NO;
				DEBUG_INFORMATION_FORMAT = dwarf;
				ENABLE_STRICT_OBJC_MSGSEND = YES;
				ENABLE_TESTABILITY = YES;
				ENABLE_USER_SCRIPT_SANDBOXING = YES;
				GCC_C_LANGUAGE_STANDARD = gnu17;
				GCC_DYNAMIC_NO_PIC = NO;
				GCC_NO_COMMON_BLOCKS = YES;
				GCC_OPTIMIZATION_LEVEL = 0;
				GCC_PREPROCESSOR_DEFINITIONS = (
					"DEBUG=1",
					"$(inherited)",
				);
				GCC_WARN_64_TO_32_BIT_CONVERSION = YES;
				GCC_WARN_ABOUT_RETURN_TYPE = YES_ERROR;
				GCC_WARN_UNDECLARED_SELECTOR = YES;
				GCC_WARN_UNINITIALIZED_AUTOS = YES_AGGRESSIVE;
				GCC_WARN_UNUSED_FUNCTION = YES;
				GCC_WARN_UNUSED_VARIABLE = YES;
				LOCALIZATION_PREFERS_STRING_CATALOGS = YES;
				MACOSX_DEPLOYMENT_TARGET = 13.6;
				MTL_ENABLE_DEBUG_INFO = INCLUDE_SOURCE;
				MTL_FAST_MATH = YES;
				ONLY_ACTIVE_ARCH = YES;
				SDKROOT = macosx;
				SWIFT_ACTIVE_COMPILATION_CONDITIONS = "DEBUG $(inherited)";
				SWIFT_OPTIMIZATION_LEVEL = "-Onone";
			};
			name = Debug;
		};
		2C8197472BCA88D400750137 /* Release */ = {
			isa = XCBuildConfiguration;
			buildSettings = {
				ALWAYS_SEARCH_USER_PATHS = NO;
				ASSETCATALOG_COMPILER_GENERATE_SWIFT_ASSET_SYMBOL_EXTENSIONS = YES;
				CLANG_ANALYZER_NONNULL = YES;
				CLANG_ANALYZER_NUMBER_OBJECT_CONVERSION = YES_AGGRESSIVE;
				CLANG_CXX_LANGUAGE_STANDARD = "gnu++20";
				CLANG_ENABLE_MODULES = YES;
				CLANG_ENABLE_OBJC_ARC = YES;
				CLANG_ENABLE_OBJC_WEAK = YES;
				CLANG_WARN_BLOCK_CAPTURE_AUTORELEASING = YES;
				CLANG_WARN_BOOL_CONVERSION = YES;
				CLANG_WARN_COMMA = YES;
				CLANG_WARN_CONSTANT_CONVERSION = YES;
				CLANG_WARN_DEPRECATED_OBJC_IMPLEMENTATIONS = YES;
				CLANG_WARN_DIRECT_OBJC_ISA_USAGE = YES_ERROR;
				CLANG_WARN_DOCUMENTATION_COMMENTS = YES;
				CLANG_WARN_EMPTY_BODY = YES;
				CLANG_WARN_ENUM_CONVERSION = YES;
				CLANG_WARN_INFINITE_RECURSION = YES;
				CLANG_WARN_INT_CONVERSION = YES;
				CLANG_WARN_NON_LITERAL_NULL_CONVERSION = YES;
				CLANG_WARN_OBJC_IMPLICIT_RETAIN_SELF = YES;
				CLANG_WARN_OBJC_LITERAL_CONVERSION = YES;
				CLANG_WARN_OBJC_ROOT_CLASS = YES_ERROR;
				CLANG_WARN_QUOTED_INCLUDE_IN_FRAMEWORK_HEADER = YES;
				CLANG_WARN_RANGE_LOOP_ANALYSIS = YES;
				CLANG_WARN_STRICT_PROTOTYPES = YES;
				CLANG_WARN_SUSPICIOUS_MOVE = YES;
				CLANG_WARN_UNGUARDED_AVAILABILITY = YES_AGGRESSIVE;
				CLANG_WARN_UNREACHABLE_CODE = YES;
				CLANG_WARN__DUPLICATE_METHOD_MATCH = YES;
				COPY_PHASE_STRIP = NO;
				DEBUG_INFORMATION_FORMAT = "dwarf-with-dsym";
				ENABLE_NS_ASSERTIONS = NO;
				ENABLE_STRICT_OBJC_MSGSEND = YES;
				ENABLE_USER_SCRIPT_SANDBOXING = YES;
				GCC_C_LANGUAGE_STANDARD = gnu17;
				GCC_NO_COMMON_BLOCKS = YES;
				GCC_WARN_64_TO_32_BIT_CONVERSION = YES;
				GCC_WARN_ABOUT_RETURN_TYPE = YES_ERROR;
				GCC_WARN_UNDECLARED_SELECTOR = YES;
				GCC_WARN_UNINITIALIZED_AUTOS = YES_AGGRESSIVE;
				GCC_WARN_UNUSED_FUNCTION = YES;
				GCC_WARN_UNUSED_VARIABLE = YES;
				LOCALIZATION_PREFERS_STRING_CATALOGS = YES;
				MACOSX_DEPLOYMENT_TARGET = 13.6;
				MTL_ENABLE_DEBUG_INFO = NO;
				MTL_FAST_MATH = YES;
				SDKROOT = macosx;
				SWIFT_COMPILATION_MODE = wholemodule;
			};
			name = Release;
		};
		2C8197792BCAC55400750137 /* Debug */ = {
			isa = XCBuildConfiguration;
			baseConfigurationReference = ED9C52AEA36601DCA361FB30 /* Pods-localizr.debug.xcconfig */;
			buildSettings = {
				ASSETCATALOG_COMPILER_APPICON_NAME = AppIcon;
				ASSETCATALOG_COMPILER_GLOBAL_ACCENT_COLOR_NAME = AccentColor;
				CLANG_CXX_LANGUAGE_STANDARD = "c++17";
				CLANG_ENABLE_MODULES = YES;
				CODE_SIGN_STYLE = Automatic;
				CURRENT_PROJECT_VERSION = 1;
				DEVELOPMENT_ASSET_PATHS = "\"localizr/Preview Content\"";
				DEVELOPMENT_TEAM = 88A68Y2VZG;
				ENABLE_PREVIEWS = YES;
				ENABLE_USER_SCRIPT_SANDBOXING = NO;
				GCC_OPTIMIZATION_LEVEL = 0;
				GENERATE_INFOPLIST_FILE = YES;
				INFOPLIST_KEY_NSCameraUsageDescription = "";
				INFOPLIST_KEY_UIApplicationSupportsIndirectInputEvents = YES;
				INFOPLIST_KEY_UILaunchScreen_Generation = YES;
				INFOPLIST_KEY_UIRequiredDeviceCapabilities = arkit;
				INFOPLIST_KEY_UIStatusBarHidden = YES;
				INFOPLIST_KEY_UISupportedInterfaceOrientations_iPad = "UIInterfaceOrientationPortrait UIInterfaceOrientationPortraitUpsideDown UIInterfaceOrientationLandscapeLeft UIInterfaceOrientationLandscapeRight";
				INFOPLIST_KEY_UISupportedInterfaceOrientations_iPhone = "UIInterfaceOrientationPortrait UIInterfaceOrientationLandscapeLeft UIInterfaceOrientationLandscapeRight";
				IPHONEOS_DEPLOYMENT_TARGET = 17.2;
				LD_RUNPATH_SEARCH_PATHS = (
					"$(inherited)",
					"@executable_path/Frameworks",
				);
				MARKETING_VERSION = 1.0;
				PRODUCT_BUNDLE_IDENTIFIER = "eth-localization.hlocalizr";
				PRODUCT_NAME = "$(TARGET_NAME)";
				SDKROOT = iphoneos;
				SWIFT_EMIT_LOC_STRINGS = YES;
				SWIFT_OBJC_BRIDGING_HEADER = "localizr/localizr-Bridging-Header.h";
				SWIFT_OPTIMIZATION_LEVEL = "-Onone";
				SWIFT_VERSION = 5.0;
				TARGETED_DEVICE_FAMILY = "1,2";
			};
			name = Debug;
		};
		2C81977A2BCAC55400750137 /* Release */ = {
			isa = XCBuildConfiguration;
			baseConfigurationReference = 71F442334AEE25CD65B3C1B4 /* Pods-localizr.release.xcconfig */;
			buildSettings = {
				ASSETCATALOG_COMPILER_APPICON_NAME = AppIcon;
				ASSETCATALOG_COMPILER_GLOBAL_ACCENT_COLOR_NAME = AccentColor;
				CLANG_CXX_LANGUAGE_STANDARD = "c++17";
				CLANG_ENABLE_MODULES = YES;
				CODE_SIGN_STYLE = Automatic;
				CURRENT_PROJECT_VERSION = 1;
				DEVELOPMENT_ASSET_PATHS = "\"localizr/Preview Content\"";
				DEVELOPMENT_TEAM = 88A68Y2VZG;
				ENABLE_PREVIEWS = YES;
				ENABLE_USER_SCRIPT_SANDBOXING = NO;
				GENERATE_INFOPLIST_FILE = YES;
				INFOPLIST_KEY_NSCameraUsageDescription = "";
				INFOPLIST_KEY_UIApplicationSupportsIndirectInputEvents = YES;
				INFOPLIST_KEY_UILaunchScreen_Generation = YES;
				INFOPLIST_KEY_UIRequiredDeviceCapabilities = arkit;
				INFOPLIST_KEY_UIStatusBarHidden = YES;
				INFOPLIST_KEY_UISupportedInterfaceOrientations_iPad = "UIInterfaceOrientationPortrait UIInterfaceOrientationPortraitUpsideDown UIInterfaceOrientationLandscapeLeft UIInterfaceOrientationLandscapeRight";
				INFOPLIST_KEY_UISupportedInterfaceOrientations_iPhone = "UIInterfaceOrientationPortrait UIInterfaceOrientationLandscapeLeft UIInterfaceOrientationLandscapeRight";
				IPHONEOS_DEPLOYMENT_TARGET = 17.2;
				LD_RUNPATH_SEARCH_PATHS = (
					"$(inherited)",
					"@executable_path/Frameworks",
				);
				MARKETING_VERSION = 1.0;
				PRODUCT_BUNDLE_IDENTIFIER = "eth-localization.hlocalizr";
				PRODUCT_NAME = "$(TARGET_NAME)";
				SDKROOT = iphoneos;
				SWIFT_EMIT_LOC_STRINGS = YES;
				SWIFT_OBJC_BRIDGING_HEADER = "localizr/localizr-Bridging-Header.h";
				SWIFT_OPTIMIZATION_LEVEL = "-O";
				SWIFT_VERSION = 5.0;
				TARGETED_DEVICE_FAMILY = "1,2";
				VALIDATE_PRODUCT = YES;
			};
			name = Release;
		};
		2C81977C2BCAC55400750137 /* Debug */ = {
			isa = XCBuildConfiguration;
			baseConfigurationReference = 2612A3CECED59279CC25E706 /* Pods-localizrTests.debug.xcconfig */;
			buildSettings = {
				ALWAYS_EMBED_SWIFT_STANDARD_LIBRARIES = YES;
				BUNDLE_LOADER = "$(TEST_HOST)";
				CODE_SIGN_STYLE = Automatic;
				CURRENT_PROJECT_VERSION = 1;
				DEVELOPMENT_TEAM = 88A68Y2VZG;
				GENERATE_INFOPLIST_FILE = YES;
				IPHONEOS_DEPLOYMENT_TARGET = 17.2;
				MARKETING_VERSION = 1.0;
				PRODUCT_BUNDLE_IDENTIFIER = "eth-localization.localizrTests";
				PRODUCT_NAME = "$(TARGET_NAME)";
				SDKROOT = iphoneos;
				SWIFT_EMIT_LOC_STRINGS = NO;
				SWIFT_VERSION = 5.0;
				TARGETED_DEVICE_FAMILY = "1,2";
				TEST_HOST = "$(BUILT_PRODUCTS_DIR)/localizr.app/$(BUNDLE_EXECUTABLE_FOLDER_PATH)/localizr";
			};
			name = Debug;
		};
		2C81977D2BCAC55400750137 /* Release */ = {
			isa = XCBuildConfiguration;
			baseConfigurationReference = B4B35784919371F4D51FABEF /* Pods-localizrTests.release.xcconfig */;
			buildSettings = {
				ALWAYS_EMBED_SWIFT_STANDARD_LIBRARIES = YES;
				BUNDLE_LOADER = "$(TEST_HOST)";
				CODE_SIGN_STYLE = Automatic;
				CURRENT_PROJECT_VERSION = 1;
				DEVELOPMENT_TEAM = 88A68Y2VZG;
				GENERATE_INFOPLIST_FILE = YES;
				IPHONEOS_DEPLOYMENT_TARGET = 17.2;
				MARKETING_VERSION = 1.0;
				PRODUCT_BUNDLE_IDENTIFIER = "eth-localization.localizrTests";
				PRODUCT_NAME = "$(TARGET_NAME)";
				SDKROOT = iphoneos;
				SWIFT_EMIT_LOC_STRINGS = NO;
				SWIFT_VERSION = 5.0;
				TARGETED_DEVICE_FAMILY = "1,2";
				TEST_HOST = "$(BUILT_PRODUCTS_DIR)/localizr.app/$(BUNDLE_EXECUTABLE_FOLDER_PATH)/localizr";
				VALIDATE_PRODUCT = YES;
			};
			name = Release;
		};
		2C81977F2BCAC55400750137 /* Debug */ = {
			isa = XCBuildConfiguration;
			baseConfigurationReference = DDB750D7423D888EB6839F8C /* Pods-localizr-localizrUITests.debug.xcconfig */;
			buildSettings = {
				ALWAYS_EMBED_SWIFT_STANDARD_LIBRARIES = YES;
				CODE_SIGN_STYLE = Automatic;
				CURRENT_PROJECT_VERSION = 1;
				DEVELOPMENT_TEAM = 88A68Y2VZG;
				GENERATE_INFOPLIST_FILE = YES;
				IPHONEOS_DEPLOYMENT_TARGET = 17.2;
				MARKETING_VERSION = 1.0;
				PRODUCT_BUNDLE_IDENTIFIER = "eth-localization.localizrUITests";
				PRODUCT_NAME = "$(TARGET_NAME)";
				SDKROOT = iphoneos;
				SWIFT_EMIT_LOC_STRINGS = NO;
				SWIFT_VERSION = 5.0;
				TARGETED_DEVICE_FAMILY = "1,2";
				TEST_TARGET_NAME = localizr;
			};
			name = Debug;
		};
		2C8197802BCAC55400750137 /* Release */ = {
			isa = XCBuildConfiguration;
			baseConfigurationReference = 52CC50F962C0B3BE0BC316DE /* Pods-localizr-localizrUITests.release.xcconfig */;
			buildSettings = {
				ALWAYS_EMBED_SWIFT_STANDARD_LIBRARIES = YES;
				CODE_SIGN_STYLE = Automatic;
				CURRENT_PROJECT_VERSION = 1;
				DEVELOPMENT_TEAM = 88A68Y2VZG;
				GENERATE_INFOPLIST_FILE = YES;
				IPHONEOS_DEPLOYMENT_TARGET = 17.2;
				MARKETING_VERSION = 1.0;
				PRODUCT_BUNDLE_IDENTIFIER = "eth-localization.localizrUITests";
				PRODUCT_NAME = "$(TARGET_NAME)";
				SDKROOT = iphoneos;
				SWIFT_EMIT_LOC_STRINGS = NO;
				SWIFT_VERSION = 5.0;
				TARGETED_DEVICE_FAMILY = "1,2";
				TEST_TARGET_NAME = localizr;
				VALIDATE_PRODUCT = YES;
			};
			name = Release;
		};
/* End XCBuildConfiguration section */

/* Begin XCConfigurationList section */
		2C81971C2BCA88D200750137 /* Build configuration list for PBXProject "Localizr" */ = {
			isa = XCConfigurationList;
			buildConfigurations = (
				2C8197462BCA88D400750137 /* Debug */,
				2C8197472BCA88D400750137 /* Release */,
			);
			defaultConfigurationIsVisible = 0;
			defaultConfigurationName = Release;
		};
		2C8197782BCAC55400750137 /* Build configuration list for PBXNativeTarget "localizr" */ = {
			isa = XCConfigurationList;
			buildConfigurations = (
				2C8197792BCAC55400750137 /* Debug */,
				2C81977A2BCAC55400750137 /* Release */,
			);
			defaultConfigurationIsVisible = 0;
			defaultConfigurationName = Release;
		};
		2C81977B2BCAC55400750137 /* Build configuration list for PBXNativeTarget "localizrTests" */ = {
			isa = XCConfigurationList;
			buildConfigurations = (
				2C81977C2BCAC55400750137 /* Debug */,
				2C81977D2BCAC55400750137 /* Release */,
			);
			defaultConfigurationIsVisible = 0;
			defaultConfigurationName = Release;
		};
		2C81977E2BCAC55400750137 /* Build configuration list for PBXNativeTarget "localizrUITests" */ = {
			isa = XCConfigurationList;
			buildConfigurations = (
				2C81977F2BCAC55400750137 /* Debug */,
				2C8197802BCAC55400750137 /* Release */,
			);
			defaultConfigurationIsVisible = 0;
			defaultConfigurationName = Release;
		};
/* End XCConfigurationList section */

/* Begin XCRemoteSwiftPackageReference section */
		2C3D699E2BFE27ED0055F436 /* XCRemoteSwiftPackageReference "swift-collections" */ = {
			isa = XCRemoteSwiftPackageReference;
			repositoryURL = "https://github.com/apple/swift-collections/";
			requirement = {
				kind = upToNextMajorVersion;
				minimumVersion = 1.1.0;
			};
		};
		2CFDF9842BF6428600FE36A4 /* XCRemoteSwiftPackageReference "PythonKit" */ = {
			isa = XCRemoteSwiftPackageReference;
			repositoryURL = "https://github.com/pvieito/PythonKit.git";
			requirement = {
				branch = master;
				kind = branch;
			};
		};
		6C1F8B382BFB9A3E0066E3A9 /* XCRemoteSwiftPackageReference "SwiftGraph" */ = {
			isa = XCRemoteSwiftPackageReference;
			repositoryURL = "https://github.com/davecom/SwiftGraph.git";
			requirement = {
				kind = upToNextMajorVersion;
				minimumVersion = 3.1.0;
			};
		};
/* End XCRemoteSwiftPackageReference section */

/* Begin XCSwiftPackageProductDependency section */
		2C3D699F2BFE27ED0055F436 /* DequeModule */ = {
			isa = XCSwiftPackageProductDependency;
			package = 2C3D699E2BFE27ED0055F436 /* XCRemoteSwiftPackageReference "swift-collections" */;
			productName = DequeModule;
		};
		2CFDF9852BF6428600FE36A4 /* PythonKit */ = {
			isa = XCSwiftPackageProductDependency;
			package = 2CFDF9842BF6428600FE36A4 /* XCRemoteSwiftPackageReference "PythonKit" */;
			productName = PythonKit;
		};
		6C1F8B392BFB9A3E0066E3A9 /* SwiftGraph */ = {
			isa = XCSwiftPackageProductDependency;
			package = 6C1F8B382BFB9A3E0066E3A9 /* XCRemoteSwiftPackageReference "SwiftGraph" */;
			productName = SwiftGraph;
		};
/* End XCSwiftPackageProductDependency section */
	};
	rootObject = 2C8197192BCA88D200750137 /* Project object */;
}
